// !$*UTF8*$!
{
	archiveVersion = 1;
	classes = {
	};
	objectVersion = 50;
	objects = {

/* Begin PBXBuildFile section */
		0289F8FA247DB933008D3910 /* LocationDetailView.swift in Sources */ = {isa = PBXBuildFile; fileRef = 0289F8F9247DB933008D3910 /* LocationDetailView.swift */; };
		0289F8FC247DB981008D3910 /* LocationDetailVC.swift in Sources */ = {isa = PBXBuildFile; fileRef = 0289F8FB247DB981008D3910 /* LocationDetailVC.swift */; };
		0B09F372247EF49F001E17F0 /* ARViewController.swift in Sources */ = {isa = PBXBuildFile; fileRef = 0B09F371247EF49F001E17F0 /* ARViewController.swift */; };
		0B09F374247EF4B4001E17F0 /* ARCoastView.swift in Sources */ = {isa = PBXBuildFile; fileRef = 0B09F373247EF4B4001E17F0 /* ARCoastView.swift */; };
		0B1F213C2476DEC300729365 /* AppDelegate.swift in Sources */ = {isa = PBXBuildFile; fileRef = 0B1F213B2476DEC300729365 /* AppDelegate.swift */; };
		0B1F213E2476DEC300729365 /* SceneDelegate.swift in Sources */ = {isa = PBXBuildFile; fileRef = 0B1F213D2476DEC300729365 /* SceneDelegate.swift */; };
		0B1F21452476DECA00729365 /* Assets.xcassets in Resources */ = {isa = PBXBuildFile; fileRef = 0B1F21442476DECA00729365 /* Assets.xcassets */; };
		0B1F21482476DECA00729365 /* LaunchScreen.storyboard in Resources */ = {isa = PBXBuildFile; fileRef = 0B1F21462476DECA00729365 /* LaunchScreen.storyboard */; };
		0BCDFFB8248534B1007A94BF /* LocationCell.swift in Sources */ = {isa = PBXBuildFile; fileRef = 0BCDFFB7248534B1007A94BF /* LocationCell.swift */; };
		1393FDC357C87C1B91849D65 /* Pods_Coastlines.framework in Frameworks */ = {isa = PBXBuildFile; fileRef = D9E2C3AA5973D81C0024A883 /* Pods_Coastlines.framework */; };
		B7A4588C247F10A1001F8E51 /* LocationsViewController.swift in Sources */ = {isa = PBXBuildFile; fileRef = B7A4588B247F10A1001F8E51 /* LocationsViewController.swift */; };
		B7A4588E247F10BE001F8E51 /* LocationsVew.swift in Sources */ = {isa = PBXBuildFile; fileRef = B7A4588D247F10BE001F8E51 /* LocationsVew.swift */; };
		C4E97909247DE48A0039B398 /* IntroViewController.swift in Sources */ = {isa = PBXBuildFile; fileRef = C4E97908247DE48A0039B398 /* IntroViewController.swift */; };
		C4E9790B247DE4AD0039B398 /* IntroView.swift in Sources */ = {isa = PBXBuildFile; fileRef = C4E9790A247DE4AD0039B398 /* IntroView.swift */; };
/* End PBXBuildFile section */

/* Begin PBXFileReference section */
		0289F8F9247DB933008D3910 /* LocationDetailView.swift */ = {isa = PBXFileReference; lastKnownFileType = sourcecode.swift; path = LocationDetailView.swift; sourceTree = "<group>"; };
		0289F8FB247DB981008D3910 /* LocationDetailVC.swift */ = {isa = PBXFileReference; lastKnownFileType = sourcecode.swift; path = LocationDetailVC.swift; sourceTree = "<group>"; };
		0B09F371247EF49F001E17F0 /* ARViewController.swift */ = {isa = PBXFileReference; lastKnownFileType = sourcecode.swift; name = ARViewController.swift; path = Coastlines/ARViewController.swift; sourceTree = SOURCE_ROOT; };
		0B09F373247EF4B4001E17F0 /* ARCoastView.swift */ = {isa = PBXFileReference; lastKnownFileType = sourcecode.swift; name = ARCoastView.swift; path = Coastlines/ARCoastView.swift; sourceTree = SOURCE_ROOT; };
		0B1F21382476DEC300729365 /* Coastlines.app */ = {isa = PBXFileReference; explicitFileType = wrapper.application; includeInIndex = 0; path = Coastlines.app; sourceTree = BUILT_PRODUCTS_DIR; };
		0B1F213B2476DEC300729365 /* AppDelegate.swift */ = {isa = PBXFileReference; lastKnownFileType = sourcecode.swift; path = AppDelegate.swift; sourceTree = "<group>"; };
		0B1F213D2476DEC300729365 /* SceneDelegate.swift */ = {isa = PBXFileReference; lastKnownFileType = sourcecode.swift; path = SceneDelegate.swift; sourceTree = "<group>"; };
		0B1F21442476DECA00729365 /* Assets.xcassets */ = {isa = PBXFileReference; lastKnownFileType = folder.assetcatalog; path = Assets.xcassets; sourceTree = "<group>"; };
		0B1F21472476DECA00729365 /* Base */ = {isa = PBXFileReference; lastKnownFileType = file.storyboard; name = Base; path = Base.lproj/LaunchScreen.storyboard; sourceTree = "<group>"; };
		0B1F21492476DECA00729365 /* Info.plist */ = {isa = PBXFileReference; lastKnownFileType = text.plist.xml; path = Info.plist; sourceTree = "<group>"; };
		0BCDFFB7248534B1007A94BF /* LocationCell.swift */ = {isa = PBXFileReference; lastKnownFileType = sourcecode.swift; path = LocationCell.swift; sourceTree = "<group>"; };
		90B7802E35291B5353608B3B /* Pods-Coastlines.debug.xcconfig */ = {isa = PBXFileReference; includeInIndex = 1; lastKnownFileType = text.xcconfig; name = "Pods-Coastlines.debug.xcconfig"; path = "Target Support Files/Pods-Coastlines/Pods-Coastlines.debug.xcconfig"; sourceTree = "<group>"; };
		B7A4588B247F10A1001F8E51 /* LocationsViewController.swift */ = {isa = PBXFileReference; lastKnownFileType = sourcecode.swift; path = LocationsViewController.swift; sourceTree = "<group>"; };
		B7A4588D247F10BE001F8E51 /* LocationsVew.swift */ = {isa = PBXFileReference; lastKnownFileType = sourcecode.swift; path = LocationsVew.swift; sourceTree = "<group>"; };
		C4E97908247DE48A0039B398 /* IntroViewController.swift */ = {isa = PBXFileReference; lastKnownFileType = sourcecode.swift; name = IntroViewController.swift; path = Coastlines/IntroViewController.swift; sourceTree = SOURCE_ROOT; };
		C4E9790A247DE4AD0039B398 /* IntroView.swift */ = {isa = PBXFileReference; lastKnownFileType = sourcecode.swift; name = IntroView.swift; path = Coastlines/IntroView.swift; sourceTree = SOURCE_ROOT; };
		CEE5A3A6EC95A87BAEBAA85A /* Pods-Coastlines.release.xcconfig */ = {isa = PBXFileReference; includeInIndex = 1; lastKnownFileType = text.xcconfig; name = "Pods-Coastlines.release.xcconfig"; path = "Target Support Files/Pods-Coastlines/Pods-Coastlines.release.xcconfig"; sourceTree = "<group>"; };
		D9E2C3AA5973D81C0024A883 /* Pods_Coastlines.framework */ = {isa = PBXFileReference; explicitFileType = wrapper.framework; includeInIndex = 0; path = Pods_Coastlines.framework; sourceTree = BUILT_PRODUCTS_DIR; };
/* End PBXFileReference section */

/* Begin PBXFrameworksBuildPhase section */
		0B1F21352476DEC300729365 /* Frameworks */ = {
			isa = PBXFrameworksBuildPhase;
			buildActionMask = 2147483647;
			files = (
				1393FDC357C87C1B91849D65 /* Pods_Coastlines.framework in Frameworks */,
			);
			runOnlyForDeploymentPostprocessing = 0;
		};
/* End PBXFrameworksBuildPhase section */

/* Begin PBXGroup section */
		0289F8F3247DA075008D3910 /* Supporting Files */ = {
			isa = PBXGroup;
			children = (
				0B1F213B2476DEC300729365 /* AppDelegate.swift */,
				0B1F213D2476DEC300729365 /* SceneDelegate.swift */,
				0B1F21442476DECA00729365 /* Assets.xcassets */,
				0B1F21462476DECA00729365 /* LaunchScreen.storyboard */,
			);
			path = "Supporting Files";
			sourceTree = "<group>";
		};
		0289F8F4247DA086008D3910 /* Views */ = {
			isa = PBXGroup;
			children = (
				C4E9790A247DE4AD0039B398 /* IntroView.swift */,
				0B09F373247EF4B4001E17F0 /* ARCoastView.swift */,
				0289F8F9247DB933008D3910 /* LocationDetailView.swift */,
				B7A4588D247F10BE001F8E51 /* LocationsVew.swift */,
			);
			path = Views;
			sourceTree = "<group>";
		};
		0289F8F5247DA093008D3910 /* Controllers */ = {
			isa = PBXGroup;
			children = (
				C4E97908247DE48A0039B398 /* IntroViewController.swift */,
				0B09F371247EF49F001E17F0 /* ARViewController.swift */,
				0289F8FB247DB981008D3910 /* LocationDetailVC.swift */,
				B7A4588B247F10A1001F8E51 /* LocationsViewController.swift */,
				0BCDFFB7248534B1007A94BF /* LocationCell.swift */,
			);
			path = Controllers;
			sourceTree = "<group>";
		};
		0289F8F6247DA0A3008D3910 /* Extensions */ = {
			isa = PBXGroup;
			children = (
			);
			path = Extensions;
			sourceTree = "<group>";
		};
		0289F8F7247DA0BA008D3910 /* Services */ = {
			isa = PBXGroup;
			children = (
			);
			path = Services;
			sourceTree = "<group>";
		};
		0289F8F8247DA0D2008D3910 /* Models */ = {
			isa = PBXGroup;
			children = (
			);
			path = Models;
			sourceTree = "<group>";
		};
		0B1F212F2476DEC300729365 = {
			isa = PBXGroup;
			children = (
				0B1F213A2476DEC300729365 /* Coastlines */,
				0B1F21392476DEC300729365 /* Products */,
				A9AB02489A2239108882CA4F /* Pods */,
				79A00A563E6E055F7CD461D6 /* Frameworks */,
			);
			sourceTree = "<group>";
		};
		0B1F21392476DEC300729365 /* Products */ = {
			isa = PBXGroup;
			children = (
				0B1F21382476DEC300729365 /* Coastlines.app */,
			);
			name = Products;
			sourceTree = "<group>";
		};
		0B1F213A2476DEC300729365 /* Coastlines */ = {
			isa = PBXGroup;
			children = (
				0289F8F8247DA0D2008D3910 /* Models */,
				0289F8F7247DA0BA008D3910 /* Services */,
				0289F8F5247DA093008D3910 /* Controllers */,
				0289F8F4247DA086008D3910 /* Views */,
				0289F8F6247DA0A3008D3910 /* Extensions */,
				0289F8F3247DA075008D3910 /* Supporting Files */,
				0B1F21492476DECA00729365 /* Info.plist */,
			);
			path = Coastlines;
			sourceTree = "<group>";
		};
		79A00A563E6E055F7CD461D6 /* Frameworks */ = {
			isa = PBXGroup;
			children = (
				D9E2C3AA5973D81C0024A883 /* Pods_Coastlines.framework */,
			);
			name = Frameworks;
			sourceTree = "<group>";
		};
		A9AB02489A2239108882CA4F /* Pods */ = {
			isa = PBXGroup;
			children = (
				90B7802E35291B5353608B3B /* Pods-Coastlines.debug.xcconfig */,
				CEE5A3A6EC95A87BAEBAA85A /* Pods-Coastlines.release.xcconfig */,
			);
			path = Pods;
			sourceTree = "<group>";
		};
/* End PBXGroup section */

/* Begin PBXNativeTarget section */
		0B1F21372476DEC300729365 /* Coastlines */ = {
			isa = PBXNativeTarget;
			buildConfigurationList = 0B1F214C2476DECA00729365 /* Build configuration list for PBXNativeTarget "Coastlines" */;
			buildPhases = (
				B83F0BBB3338FDF2D614B210 /* [CP] Check Pods Manifest.lock */,
				0B1F21342476DEC300729365 /* Sources */,
				0B1F21352476DEC300729365 /* Frameworks */,
				0B1F21362476DEC300729365 /* Resources */,
			);
			buildRules = (
			);
			dependencies = (
			);
			name = Coastlines;
			productName = Coastlines;
			productReference = 0B1F21382476DEC300729365 /* Coastlines.app */;
			productType = "com.apple.product-type.application";
		};
/* End PBXNativeTarget section */

/* Begin PBXProject section */
		0B1F21302476DEC300729365 /* Project object */ = {
			isa = PBXProject;
			attributes = {
				LastSwiftUpdateCheck = 1150;
				LastUpgradeCheck = 1150;
				ORGANIZATIONNAME = "Ahad Islam";
				TargetAttributes = {
					0B1F21372476DEC300729365 = {
						CreatedOnToolsVersion = 11.5;
					};
				};
			};
			buildConfigurationList = 0B1F21332476DEC300729365 /* Build configuration list for PBXProject "Coastlines" */;
			compatibilityVersion = "Xcode 9.3";
			developmentRegion = en;
			hasScannedForEncodings = 0;
			knownRegions = (
				en,
				Base,
			);
			mainGroup = 0B1F212F2476DEC300729365;
			productRefGroup = 0B1F21392476DEC300729365 /* Products */;
			projectDirPath = "";
			projectRoot = "";
			targets = (
				0B1F21372476DEC300729365 /* Coastlines */,
			);
		};
/* End PBXProject section */

/* Begin PBXResourcesBuildPhase section */
		0B1F21362476DEC300729365 /* Resources */ = {
			isa = PBXResourcesBuildPhase;
			buildActionMask = 2147483647;
			files = (
				0B1F21482476DECA00729365 /* LaunchScreen.storyboard in Resources */,
				0B1F21452476DECA00729365 /* Assets.xcassets in Resources */,
			);
			runOnlyForDeploymentPostprocessing = 0;
		};
/* End PBXResourcesBuildPhase section */

/* Begin PBXShellScriptBuildPhase section */
		B83F0BBB3338FDF2D614B210 /* [CP] Check Pods Manifest.lock */ = {
			isa = PBXShellScriptBuildPhase;
			buildActionMask = 2147483647;
			files = (
			);
			inputFileListPaths = (
			);
			inputPaths = (
				"${PODS_PODFILE_DIR_PATH}/Podfile.lock",
				"${PODS_ROOT}/Manifest.lock",
			);
			name = "[CP] Check Pods Manifest.lock";
			outputFileListPaths = (
			);
			outputPaths = (
				"$(DERIVED_FILE_DIR)/Pods-Coastlines-checkManifestLockResult.txt",
			);
			runOnlyForDeploymentPostprocessing = 0;
			shellPath = /bin/sh;
			shellScript = "diff \"${PODS_PODFILE_DIR_PATH}/Podfile.lock\" \"${PODS_ROOT}/Manifest.lock\" > /dev/null\nif [ $? != 0 ] ; then\n    # print error to STDERR\n    echo \"error: The sandbox is not in sync with the Podfile.lock. Run 'pod install' or update your CocoaPods installation.\" >&2\n    exit 1\nfi\n# This output is used by Xcode 'outputs' to avoid re-running this script phase.\necho \"SUCCESS\" > \"${SCRIPT_OUTPUT_FILE_0}\"\n";
			showEnvVarsInLog = 0;
		};
/* End PBXShellScriptBuildPhase section */

/* Begin PBXSourcesBuildPhase section */
		0B1F21342476DEC300729365 /* Sources */ = {
			isa = PBXSourcesBuildPhase;
			buildActionMask = 2147483647;
			files = (
				C4E97909247DE48A0039B398 /* IntroViewController.swift in Sources */,
				C4E9790B247DE4AD0039B398 /* IntroView.swift in Sources */,
				B7A4588C247F10A1001F8E51 /* LocationsViewController.swift in Sources */,
				0B09F374247EF4B4001E17F0 /* ARCoastView.swift in Sources */,
				0B09F372247EF49F001E17F0 /* ARViewController.swift in Sources */,
				B7A4588E247F10BE001F8E51 /* LocationsVew.swift in Sources */,
				0BCDFFB8248534B1007A94BF /* LocationCell.swift in Sources */,
				0B1F213C2476DEC300729365 /* AppDelegate.swift in Sources */,
				0B1F213E2476DEC300729365 /* SceneDelegate.swift in Sources */,
				0289F8FC247DB981008D3910 /* LocationDetailVC.swift in Sources */,
				0289F8FA247DB933008D3910 /* LocationDetailView.swift in Sources */,
			);
			runOnlyForDeploymentPostprocessing = 0;
		};
/* End PBXSourcesBuildPhase section */

/* Begin PBXVariantGroup section */
		0B1F21462476DECA00729365 /* LaunchScreen.storyboard */ = {
			isa = PBXVariantGroup;
			children = (
				0B1F21472476DECA00729365 /* Base */,
			);
			name = LaunchScreen.storyboard;
			sourceTree = "<group>";
		};
/* End PBXVariantGroup section */

/* Begin XCBuildConfiguration section */
		0B1F214A2476DECA00729365 /* Debug */ = {
			isa = XCBuildConfiguration;
			buildSettings = {
				ALWAYS_SEARCH_USER_PATHS = NO;
				CLANG_ANALYZER_NONNULL = YES;
				CLANG_ANALYZER_NUMBER_OBJECT_CONVERSION = YES_AGGRESSIVE;
				CLANG_CXX_LANGUAGE_STANDARD = "gnu++14";
				CLANG_CXX_LIBRARY = "libc++";
				CLANG_ENABLE_MODULES = YES;
				CLANG_ENABLE_OBJC_ARC = YES;
				CLANG_ENABLE_OBJC_WEAK = YES;
				CLANG_WARN_BLOCK_CAPTURE_AUTORELEASING = YES;
				CLANG_WARN_BOOL_CONVERSION = YES;
				CLANG_WARN_COMMA = YES;
				CLANG_WARN_CONSTANT_CONVERSION = YES;
				CLANG_WARN_DEPRECATED_OBJC_IMPLEMENTATIONS = YES;
				CLANG_WARN_DIRECT_OBJC_ISA_USAGE = YES_ERROR;
				CLANG_WARN_DOCUMENTATION_COMMENTS = YES;
				CLANG_WARN_EMPTY_BODY = YES;
				CLANG_WARN_ENUM_CONVERSION = YES;
				CLANG_WARN_INFINITE_RECURSION = YES;
				CLANG_WARN_INT_CONVERSION = YES;
				CLANG_WARN_NON_LITERAL_NULL_CONVERSION = YES;
				CLANG_WARN_OBJC_IMPLICIT_RETAIN_SELF = YES;
				CLANG_WARN_OBJC_LITERAL_CONVERSION = YES;
				CLANG_WARN_OBJC_ROOT_CLASS = YES_ERROR;
				CLANG_WARN_RANGE_LOOP_ANALYSIS = YES;
				CLANG_WARN_STRICT_PROTOTYPES = YES;
				CLANG_WARN_SUSPICIOUS_MOVE = YES;
				CLANG_WARN_UNGUARDED_AVAILABILITY = YES_AGGRESSIVE;
				CLANG_WARN_UNREACHABLE_CODE = YES;
				CLANG_WARN__DUPLICATE_METHOD_MATCH = YES;
				COPY_PHASE_STRIP = NO;
				DEBUG_INFORMATION_FORMAT = dwarf;
				ENABLE_STRICT_OBJC_MSGSEND = YES;
				ENABLE_TESTABILITY = YES;
				GCC_C_LANGUAGE_STANDARD = gnu11;
				GCC_DYNAMIC_NO_PIC = NO;
				GCC_NO_COMMON_BLOCKS = YES;
				GCC_OPTIMIZATION_LEVEL = 0;
				GCC_PREPROCESSOR_DEFINITIONS = (
					"DEBUG=1",
					"$(inherited)",
				);
				GCC_WARN_64_TO_32_BIT_CONVERSION = YES;
				GCC_WARN_ABOUT_RETURN_TYPE = YES_ERROR;
				GCC_WARN_UNDECLARED_SELECTOR = YES;
				GCC_WARN_UNINITIALIZED_AUTOS = YES_AGGRESSIVE;
				GCC_WARN_UNUSED_FUNCTION = YES;
				GCC_WARN_UNUSED_VARIABLE = YES;
				IPHONEOS_DEPLOYMENT_TARGET = 13.5;
				MTL_ENABLE_DEBUG_INFO = INCLUDE_SOURCE;
				MTL_FAST_MATH = YES;
				ONLY_ACTIVE_ARCH = YES;
				SDKROOT = iphoneos;
				SWIFT_ACTIVE_COMPILATION_CONDITIONS = DEBUG;
				SWIFT_OPTIMIZATION_LEVEL = "-Onone";
			};
			name = Debug;
		};
		0B1F214B2476DECA00729365 /* Release */ = {
			isa = XCBuildConfiguration;
			buildSettings = {
				ALWAYS_SEARCH_USER_PATHS = NO;
				CLANG_ANALYZER_NONNULL = YES;
				CLANG_ANALYZER_NUMBER_OBJECT_CONVERSION = YES_AGGRESSIVE;
				CLANG_CXX_LANGUAGE_STANDARD = "gnu++14";
				CLANG_CXX_LIBRARY = "libc++";
				CLANG_ENABLE_MODULES = YES;
				CLANG_ENABLE_OBJC_ARC = YES;
				CLANG_ENABLE_OBJC_WEAK = YES;
				CLANG_WARN_BLOCK_CAPTURE_AUTORELEASING = YES;
				CLANG_WARN_BOOL_CONVERSION = YES;
				CLANG_WARN_COMMA = YES;
				CLANG_WARN_CONSTANT_CONVERSION = YES;
				CLANG_WARN_DEPRECATED_OBJC_IMPLEMENTATIONS = YES;
				CLANG_WARN_DIRECT_OBJC_ISA_USAGE = YES_ERROR;
				CLANG_WARN_DOCUMENTATION_COMMENTS = YES;
				CLANG_WARN_EMPTY_BODY = YES;
				CLANG_WARN_ENUM_CONVERSION = YES;
				CLANG_WARN_INFINITE_RECURSION = YES;
				CLANG_WARN_INT_CONVERSION = YES;
				CLANG_WARN_NON_LITERAL_NULL_CONVERSION = YES;
				CLANG_WARN_OBJC_IMPLICIT_RETAIN_SELF = YES;
				CLANG_WARN_OBJC_LITERAL_CONVERSION = YES;
				CLANG_WARN_OBJC_ROOT_CLASS = YES_ERROR;
				CLANG_WARN_RANGE_LOOP_ANALYSIS = YES;
				CLANG_WARN_STRICT_PROTOTYPES = YES;
				CLANG_WARN_SUSPICIOUS_MOVE = YES;
				CLANG_WARN_UNGUARDED_AVAILABILITY = YES_AGGRESSIVE;
				CLANG_WARN_UNREACHABLE_CODE = YES;
				CLANG_WARN__DUPLICATE_METHOD_MATCH = YES;
				COPY_PHASE_STRIP = NO;
				DEBUG_INFORMATION_FORMAT = "dwarf-with-dsym";
				ENABLE_NS_ASSERTIONS = NO;
				ENABLE_STRICT_OBJC_MSGSEND = YES;
				GCC_C_LANGUAGE_STANDARD = gnu11;
				GCC_NO_COMMON_BLOCKS = YES;
				GCC_WARN_64_TO_32_BIT_CONVERSION = YES;
				GCC_WARN_ABOUT_RETURN_TYPE = YES_ERROR;
				GCC_WARN_UNDECLARED_SELECTOR = YES;
				GCC_WARN_UNINITIALIZED_AUTOS = YES_AGGRESSIVE;
				GCC_WARN_UNUSED_FUNCTION = YES;
				GCC_WARN_UNUSED_VARIABLE = YES;
				IPHONEOS_DEPLOYMENT_TARGET = 13.5;
				MTL_ENABLE_DEBUG_INFO = NO;
				MTL_FAST_MATH = YES;
				SDKROOT = iphoneos;
				SWIFT_COMPILATION_MODE = wholemodule;
				SWIFT_OPTIMIZATION_LEVEL = "-O";
				VALIDATE_PRODUCT = YES;
			};
			name = Release;
		};
		0B1F214D2476DECA00729365 /* Debug */ = {
			isa = XCBuildConfiguration;
			baseConfigurationReference = 90B7802E35291B5353608B3B /* Pods-Coastlines.debug.xcconfig */;
			buildSettings = {
				ASSETCATALOG_COMPILER_APPICON_NAME = AppIcon;
				CODE_SIGN_STYLE = Automatic;
				DEVELOPMENT_TEAM = 4MS4J77WTY;
				INFOPLIST_FILE = Coastlines/Info.plist;
				LD_RUNPATH_SEARCH_PATHS = (
					"$(inherited)",
					"@executable_path/Frameworks",
				);
				PRODUCT_BUNDLE_IDENTIFIER = com.ahadislam.Coastlines;
				PRODUCT_NAME = "$(TARGET_NAME)";
				SWIFT_VERSION = 5.0;
				TARGETED_DEVICE_FAMILY = "1,2";
			};
			name = Debug;
		};
		0B1F214E2476DECA00729365 /* Release */ = {
			isa = XCBuildConfiguration;
			baseConfigurationReference = CEE5A3A6EC95A87BAEBAA85A /* Pods-Coastlines.release.xcconfig */;
			buildSettings = {
				ASSETCATALOG_COMPILER_APPICON_NAME = AppIcon;
				CODE_SIGN_STYLE = Automatic;
				DEVELOPMENT_TEAM = 4MS4J77WTY;
				INFOPLIST_FILE = Coastlines/Info.plist;
				LD_RUNPATH_SEARCH_PATHS = (
					"$(inherited)",
					"@executable_path/Frameworks",
				);
				PRODUCT_BUNDLE_IDENTIFIER = com.ahadislam.Coastlines;
				PRODUCT_NAME = "$(TARGET_NAME)";
				SWIFT_VERSION = 5.0;
				TARGETED_DEVICE_FAMILY = "1,2";
			};
			name = Release;
		};
/* End XCBuildConfiguration section */

/* Begin XCConfigurationList section */
		0B1F21332476DEC300729365 /* Build configuration list for PBXProject "Coastlines" */ = {
			isa = XCConfigurationList;
			buildConfigurations = (
				0B1F214A2476DECA00729365 /* Debug */,
				0B1F214B2476DECA00729365 /* Release */,
			);
			defaultConfigurationIsVisible = 0;
			defaultConfigurationName = Release;
		};
		0B1F214C2476DECA00729365 /* Build configuration list for PBXNativeTarget "Coastlines" */ = {
			isa = XCConfigurationList;
			buildConfigurations = (
				0B1F214D2476DECA00729365 /* Debug */,
				0B1F214E2476DECA00729365 /* Release */,
			);
			defaultConfigurationIsVisible = 0;
			defaultConfigurationName = Release;
		};
/* End XCConfigurationList section */
	};
	rootObject = 0B1F21302476DEC300729365 /* Project object */;
}
