// !$*UTF8*$!
{
	archiveVersion = 1;
	classes = {
	};
	objectVersion = 51;
	objects = {

/* Begin PBXBuildFile section */
		024035D4248D8B7800C7F7B2 /* ARCell.swift in Sources */ = {isa = PBXBuildFile; fileRef = 024035D3248D8B7800C7F7B2 /* ARCell.swift */; };
		028423732489C8D1000C1A9B /* LocationDetailController.swift in Sources */ = {isa = PBXBuildFile; fileRef = 028423722489C8D1000C1A9B /* LocationDetailController.swift */; };
		028423752489C984000C1A9B /* DetailView.swift in Sources */ = {isa = PBXBuildFile; fileRef = 028423742489C984000C1A9B /* DetailView.swift */; };
		028423772489E617000C1A9B /* ContentCell.swift in Sources */ = {isa = PBXBuildFile; fileRef = 028423762489E617000C1A9B /* ContentCell.swift */; };
		02858579248305410003E31A /* locationFactsData.json in Resources */ = {isa = PBXBuildFile; fileRef = 02858578248305410003E31A /* locationFactsData.json */; };
		0285857B2483063A0003E31A /* FactsData.swift in Sources */ = {isa = PBXBuildFile; fileRef = 0285857A2483063A0003E31A /* FactsData.swift */; };
		0285857F2485970E0003E31A /* WavyView.swift in Sources */ = {isa = PBXBuildFile; fileRef = 0285857E2485970E0003E31A /* WavyView.swift */; };
		028585832485B9660003E31A /* NSUIColor+Hex.swift in Sources */ = {isa = PBXBuildFile; fileRef = 028585822485B9660003E31A /* NSUIColor+Hex.swift */; };
		0289F8FA247DB933008D3910 /* LocationDetailView.swift in Sources */ = {isa = PBXBuildFile; fileRef = 0289F8F9247DB933008D3910 /* LocationDetailView.swift */; };
		0289F8FC247DB981008D3910 /* LocationDetailVC.swift in Sources */ = {isa = PBXBuildFile; fileRef = 0289F8FB247DB981008D3910 /* LocationDetailVC.swift */; };
		02F53F04248AA7E200227C62 /* GraphCell.swift in Sources */ = {isa = PBXBuildFile; fileRef = 02F53F03248AA7E200227C62 /* GraphCell.swift */; };
		02F53F06248AAB3C00227C62 /* UIButton+Extension.swift in Sources */ = {isa = PBXBuildFile; fileRef = 02F53F05248AAB3C00227C62 /* UIButton+Extension.swift */; };
		02F53F12248AF87600227C62 /* PieChartCell.swift in Sources */ = {isa = PBXBuildFile; fileRef = 02F53F11248AF87600227C62 /* PieChartCell.swift */; };
		0B09F372247EF49F001E17F0 /* ARViewController.swift in Sources */ = {isa = PBXBuildFile; fileRef = 0B09F371247EF49F001E17F0 /* ARViewController.swift */; };
		0B09F374247EF4B4001E17F0 /* ARCoastView.swift in Sources */ = {isa = PBXBuildFile; fileRef = 0B09F373247EF4B4001E17F0 /* ARCoastView.swift */; };
		0B35424C2488000600AAB02C /* WavyView2.swift in Sources */ = {isa = PBXBuildFile; fileRef = 0B35424B2488000600AAB02C /* WavyView2.swift */; };
		0BCDFFB8248534B1007A94BF /* LocationCell.swift in Sources */ = {isa = PBXBuildFile; fileRef = 0BCDFFB7248534B1007A94BF /* LocationCell.swift */; };
		0BCDFFBA2485376A007A94BF /* LocationReusableView.swift in Sources */ = {isa = PBXBuildFile; fileRef = 0BCDFFB92485376A007A94BF /* LocationReusableView.swift */; };
		0BCDFFBC24856588007A94BF /* LocationIntroCell.swift in Sources */ = {isa = PBXBuildFile; fileRef = 0BCDFFBB24856588007A94BF /* LocationIntroCell.swift */; };
		1393FDC357C87C1B91849D65 /* Pods_Coastlines.framework in Frameworks */ = {isa = PBXBuildFile; fileRef = D9E2C3AA5973D81C0024A883 /* Pods_Coastlines.framework */; };
		B7A4588C247F10A1001F8E51 /* LocationsViewController.swift in Sources */ = {isa = PBXBuildFile; fileRef = B7A4588B247F10A1001F8E51 /* LocationsViewController.swift */; };
		B7A4588E247F10BE001F8E51 /* LocationsVew.swift in Sources */ = {isa = PBXBuildFile; fileRef = B7A4588D247F10BE001F8E51 /* LocationsVew.swift */; };
		C44314B7248564E4008A59D9 /* UIViewController+resetWindow.swift in Sources */ = {isa = PBXBuildFile; fileRef = C44314B6248564E4008A59D9 /* UIViewController+resetWindow.swift */; };
		C463925724847A8F00DDB4DE /* SecondOnboardingView.swift in Sources */ = {isa = PBXBuildFile; fileRef = C463925624847A8F00DDB4DE /* SecondOnboardingView.swift */; };
		C463925924847AA200DDB4DE /* SecondOnboardingController.swift in Sources */ = {isa = PBXBuildFile; fileRef = C463925824847AA200DDB4DE /* SecondOnboardingController.swift */; };
		C463925B24847EB900DDB4DE /* ThirdOnboardingView.swift in Sources */ = {isa = PBXBuildFile; fileRef = C463925A24847EB900DDB4DE /* ThirdOnboardingView.swift */; };
		C463925D24847EC900DDB4DE /* FourthOnboardingView.swift in Sources */ = {isa = PBXBuildFile; fileRef = C463925C24847EC900DDB4DE /* FourthOnboardingView.swift */; };
		C463925F24847ED600DDB4DE /* FifthOnboardingView.swift in Sources */ = {isa = PBXBuildFile; fileRef = C463925E24847ED600DDB4DE /* FifthOnboardingView.swift */; };
		C463926124847EE800DDB4DE /* ThirdOnboardingController.swift in Sources */ = {isa = PBXBuildFile; fileRef = C463926024847EE800DDB4DE /* ThirdOnboardingController.swift */; };
		C463926324847EF800DDB4DE /* FourthOnboardingController.swift in Sources */ = {isa = PBXBuildFile; fileRef = C463926224847EF800DDB4DE /* FourthOnboardingController.swift */; };
		C463926524847F0B00DDB4DE /* FifthOnboardingController.swift in Sources */ = {isa = PBXBuildFile; fileRef = C463926424847F0B00DDB4DE /* FifthOnboardingController.swift */; };
		C48EBCC3248808D9001DB0A3 /* TestView.swift in Sources */ = {isa = PBXBuildFile; fileRef = C48EBCC2248808D9001DB0A3 /* TestView.swift */; };
		C48EBCCB24884626001DB0A3 /* Assets.xcassets in Resources */ = {isa = PBXBuildFile; fileRef = C48EBCC524884626001DB0A3 /* Assets.xcassets */; };
		C48EBCCC24884626001DB0A3 /* LaunchScreen.storyboard in Resources */ = {isa = PBXBuildFile; fileRef = C48EBCC624884626001DB0A3 /* LaunchScreen.storyboard */; };
		C48EBCCD24884626001DB0A3 /* GlobalConstants.swift in Sources */ = {isa = PBXBuildFile; fileRef = C48EBCC824884626001DB0A3 /* GlobalConstants.swift */; };
		C48EBCCE24884626001DB0A3 /* AppDelegate.swift in Sources */ = {isa = PBXBuildFile; fileRef = C48EBCC924884626001DB0A3 /* AppDelegate.swift */; };
		C48EBCCF24884626001DB0A3 /* SceneDelegate.swift in Sources */ = {isa = PBXBuildFile; fileRef = C48EBCCA24884626001DB0A3 /* SceneDelegate.swift */; };
		C48EBCE0248846C6001DB0A3 /* CooperHewitt-Thin.otf in Resources */ = {isa = PBXBuildFile; fileRef = C48EBCD1248846C6001DB0A3 /* CooperHewitt-Thin.otf */; };
		C48EBCE1248846C6001DB0A3 /* CooperHewitt-SemiboldItalic.otf in Resources */ = {isa = PBXBuildFile; fileRef = C48EBCD2248846C6001DB0A3 /* CooperHewitt-SemiboldItalic.otf */; };
		C48EBCE2248846C6001DB0A3 /* SIL Open Font License.txt in Resources */ = {isa = PBXBuildFile; fileRef = C48EBCD3248846C6001DB0A3 /* SIL Open Font License.txt */; };
		C48EBCE3248846C6001DB0A3 /* CooperHewitt-Bold.otf in Resources */ = {isa = PBXBuildFile; fileRef = C48EBCD4248846C6001DB0A3 /* CooperHewitt-Bold.otf */; };
		C48EBCE4248846C6001DB0A3 /* CooperHewitt-BoldItalic.otf in Resources */ = {isa = PBXBuildFile; fileRef = C48EBCD5248846C6001DB0A3 /* CooperHewitt-BoldItalic.otf */; };
		C48EBCE5248846C6001DB0A3 /* CooperHewitt-ThinItalic.otf in Resources */ = {isa = PBXBuildFile; fileRef = C48EBCD6248846C6001DB0A3 /* CooperHewitt-ThinItalic.otf */; };
		C48EBCE6248846C6001DB0A3 /* CooperHewitt-Book.otf in Resources */ = {isa = PBXBuildFile; fileRef = C48EBCD7248846C6001DB0A3 /* CooperHewitt-Book.otf */; };
		C48EBCE7248846C6001DB0A3 /* CooperHewitt-BookItalic.otf in Resources */ = {isa = PBXBuildFile; fileRef = C48EBCD8248846C6001DB0A3 /* CooperHewitt-BookItalic.otf */; };
		C48EBCE8248846C6001DB0A3 /* CooperHewitt-Medium.otf in Resources */ = {isa = PBXBuildFile; fileRef = C48EBCD9248846C6001DB0A3 /* CooperHewitt-Medium.otf */; };
		C48EBCE9248846C6001DB0A3 /* CooperHewitt-LightItalic.otf in Resources */ = {isa = PBXBuildFile; fileRef = C48EBCDA248846C6001DB0A3 /* CooperHewitt-LightItalic.otf */; };
		C48EBCEA248846C6001DB0A3 /* CooperHewitt-HeavyItalic.otf in Resources */ = {isa = PBXBuildFile; fileRef = C48EBCDB248846C6001DB0A3 /* CooperHewitt-HeavyItalic.otf */; };
		C48EBCEB248846C6001DB0A3 /* CooperHewitt-Heavy.otf in Resources */ = {isa = PBXBuildFile; fileRef = C48EBCDC248846C6001DB0A3 /* CooperHewitt-Heavy.otf */; };
		C48EBCEC248846C6001DB0A3 /* CooperHewitt-Light.otf in Resources */ = {isa = PBXBuildFile; fileRef = C48EBCDD248846C6001DB0A3 /* CooperHewitt-Light.otf */; };
		C48EBCED248846C6001DB0A3 /* CooperHewitt-MediumItalic.otf in Resources */ = {isa = PBXBuildFile; fileRef = C48EBCDE248846C6001DB0A3 /* CooperHewitt-MediumItalic.otf */; };
		C48EBCEE248846C6001DB0A3 /* CooperHewitt-Semibold.otf in Resources */ = {isa = PBXBuildFile; fileRef = C48EBCDF248846C6001DB0A3 /* CooperHewitt-Semibold.otf */; };
		C491EF3F24871FA30055DA49 /* String+ConvertHexToColour.swift in Sources */ = {isa = PBXBuildFile; fileRef = C491EF3E24871FA30055DA49 /* String+ConvertHexToColour.swift */; };
		C4E97909247DE48A0039B398 /* FirstOnboardingController.swift in Sources */ = {isa = PBXBuildFile; fileRef = C4E97908247DE48A0039B398 /* FirstOnboardingController.swift */; };
		C4E9790B247DE4AD0039B398 /* FirstOnboardingView.swift in Sources */ = {isa = PBXBuildFile; fileRef = C4E9790A247DE4AD0039B398 /* FirstOnboardingView.swift */; };
/* End PBXBuildFile section */

/* Begin PBXFileReference section */
		024035D3248D8B7800C7F7B2 /* ARCell.swift */ = {isa = PBXFileReference; lastKnownFileType = sourcecode.swift; path = ARCell.swift; sourceTree = "<group>"; };
		028423722489C8D1000C1A9B /* LocationDetailController.swift */ = {isa = PBXFileReference; lastKnownFileType = sourcecode.swift; path = LocationDetailController.swift; sourceTree = "<group>"; };
		028423742489C984000C1A9B /* DetailView.swift */ = {isa = PBXFileReference; lastKnownFileType = sourcecode.swift; path = DetailView.swift; sourceTree = "<group>"; };
		028423762489E617000C1A9B /* ContentCell.swift */ = {isa = PBXFileReference; lastKnownFileType = sourcecode.swift; path = ContentCell.swift; sourceTree = "<group>"; };
		02858578248305410003E31A /* locationFactsData.json */ = {isa = PBXFileReference; fileEncoding = 4; lastKnownFileType = text.json; path = locationFactsData.json; sourceTree = "<group>"; };
		0285857A2483063A0003E31A /* FactsData.swift */ = {isa = PBXFileReference; lastKnownFileType = sourcecode.swift; path = FactsData.swift; sourceTree = "<group>"; };
		0285857E2485970E0003E31A /* WavyView.swift */ = {isa = PBXFileReference; lastKnownFileType = sourcecode.swift; path = WavyView.swift; sourceTree = "<group>"; };
		028585822485B9660003E31A /* NSUIColor+Hex.swift */ = {isa = PBXFileReference; lastKnownFileType = sourcecode.swift; path = "NSUIColor+Hex.swift"; sourceTree = "<group>"; };
		0289F8F9247DB933008D3910 /* LocationDetailView.swift */ = {isa = PBXFileReference; lastKnownFileType = sourcecode.swift; path = LocationDetailView.swift; sourceTree = "<group>"; };
		0289F8FB247DB981008D3910 /* LocationDetailVC.swift */ = {isa = PBXFileReference; lastKnownFileType = sourcecode.swift; path = LocationDetailVC.swift; sourceTree = "<group>"; };
		02F53F03248AA7E200227C62 /* GraphCell.swift */ = {isa = PBXFileReference; lastKnownFileType = sourcecode.swift; path = GraphCell.swift; sourceTree = "<group>"; };
		02F53F05248AAB3C00227C62 /* UIButton+Extension.swift */ = {isa = PBXFileReference; lastKnownFileType = sourcecode.swift; path = "UIButton+Extension.swift"; sourceTree = "<group>"; };
		02F53F11248AF87600227C62 /* PieChartCell.swift */ = {isa = PBXFileReference; lastKnownFileType = sourcecode.swift; path = PieChartCell.swift; sourceTree = "<group>"; };
		0B09F371247EF49F001E17F0 /* ARViewController.swift */ = {isa = PBXFileReference; lastKnownFileType = sourcecode.swift; name = ARViewController.swift; path = Coastlines/ARViewController.swift; sourceTree = SOURCE_ROOT; };
		0B09F373247EF4B4001E17F0 /* ARCoastView.swift */ = {isa = PBXFileReference; lastKnownFileType = sourcecode.swift; name = ARCoastView.swift; path = Coastlines/ARCoastView.swift; sourceTree = SOURCE_ROOT; };
		0B1F21382476DEC300729365 /* Coastlines.app */ = {isa = PBXFileReference; explicitFileType = wrapper.application; includeInIndex = 0; path = Coastlines.app; sourceTree = BUILT_PRODUCTS_DIR; };
		0B1F21492476DECA00729365 /* Info.plist */ = {isa = PBXFileReference; lastKnownFileType = text.plist.xml; path = Info.plist; sourceTree = "<group>"; };
		0B35424B2488000600AAB02C /* WavyView2.swift */ = {isa = PBXFileReference; lastKnownFileType = sourcecode.swift; path = WavyView2.swift; sourceTree = "<group>"; };
		0BCDFFB7248534B1007A94BF /* LocationCell.swift */ = {isa = PBXFileReference; lastKnownFileType = sourcecode.swift; path = LocationCell.swift; sourceTree = "<group>"; };
		0BCDFFB92485376A007A94BF /* LocationReusableView.swift */ = {isa = PBXFileReference; lastKnownFileType = sourcecode.swift; path = LocationReusableView.swift; sourceTree = "<group>"; };
		0BCDFFBB24856588007A94BF /* LocationIntroCell.swift */ = {isa = PBXFileReference; lastKnownFileType = sourcecode.swift; path = LocationIntroCell.swift; sourceTree = "<group>"; };
		90B7802E35291B5353608B3B /* Pods-Coastlines.debug.xcconfig */ = {isa = PBXFileReference; includeInIndex = 1; lastKnownFileType = text.xcconfig; name = "Pods-Coastlines.debug.xcconfig"; path = "Target Support Files/Pods-Coastlines/Pods-Coastlines.debug.xcconfig"; sourceTree = "<group>"; };
		B7A4588B247F10A1001F8E51 /* LocationsViewController.swift */ = {isa = PBXFileReference; lastKnownFileType = sourcecode.swift; path = LocationsViewController.swift; sourceTree = "<group>"; };
		B7A4588D247F10BE001F8E51 /* LocationsVew.swift */ = {isa = PBXFileReference; lastKnownFileType = sourcecode.swift; path = LocationsVew.swift; sourceTree = "<group>"; };
		C44314B6248564E4008A59D9 /* UIViewController+resetWindow.swift */ = {isa = PBXFileReference; lastKnownFileType = sourcecode.swift; name = "UIViewController+resetWindow.swift"; path = "Coastlines/UIViewController+resetWindow.swift"; sourceTree = SOURCE_ROOT; };
		C463925624847A8F00DDB4DE /* SecondOnboardingView.swift */ = {isa = PBXFileReference; lastKnownFileType = sourcecode.swift; path = SecondOnboardingView.swift; sourceTree = "<group>"; };
		C463925824847AA200DDB4DE /* SecondOnboardingController.swift */ = {isa = PBXFileReference; lastKnownFileType = sourcecode.swift; path = SecondOnboardingController.swift; sourceTree = "<group>"; };
		C463925A24847EB900DDB4DE /* ThirdOnboardingView.swift */ = {isa = PBXFileReference; lastKnownFileType = sourcecode.swift; path = ThirdOnboardingView.swift; sourceTree = "<group>"; };
		C463925C24847EC900DDB4DE /* FourthOnboardingView.swift */ = {isa = PBXFileReference; lastKnownFileType = sourcecode.swift; path = FourthOnboardingView.swift; sourceTree = "<group>"; };
		C463925E24847ED600DDB4DE /* FifthOnboardingView.swift */ = {isa = PBXFileReference; lastKnownFileType = sourcecode.swift; path = FifthOnboardingView.swift; sourceTree = "<group>"; };
		C463926024847EE800DDB4DE /* ThirdOnboardingController.swift */ = {isa = PBXFileReference; lastKnownFileType = sourcecode.swift; path = ThirdOnboardingController.swift; sourceTree = "<group>"; };
		C463926224847EF800DDB4DE /* FourthOnboardingController.swift */ = {isa = PBXFileReference; lastKnownFileType = sourcecode.swift; path = FourthOnboardingController.swift; sourceTree = "<group>"; };
		C463926424847F0B00DDB4DE /* FifthOnboardingController.swift */ = {isa = PBXFileReference; lastKnownFileType = sourcecode.swift; path = FifthOnboardingController.swift; sourceTree = "<group>"; };
		C48EBCC2248808D9001DB0A3 /* TestView.swift */ = {isa = PBXFileReference; lastKnownFileType = sourcecode.swift; path = TestView.swift; sourceTree = "<group>"; };
		C48EBCC524884626001DB0A3 /* Assets.xcassets */ = {isa = PBXFileReference; lastKnownFileType = folder.assetcatalog; path = Assets.xcassets; sourceTree = "<group>"; };
		C48EBCC724884626001DB0A3 /* Base */ = {isa = PBXFileReference; lastKnownFileType = file.storyboard; name = Base; path = Base.lproj/LaunchScreen.storyboard; sourceTree = "<group>"; };
		C48EBCC824884626001DB0A3 /* GlobalConstants.swift */ = {isa = PBXFileReference; fileEncoding = 4; lastKnownFileType = sourcecode.swift; path = GlobalConstants.swift; sourceTree = "<group>"; };
		C48EBCC924884626001DB0A3 /* AppDelegate.swift */ = {isa = PBXFileReference; fileEncoding = 4; lastKnownFileType = sourcecode.swift; path = AppDelegate.swift; sourceTree = "<group>"; };
		C48EBCCA24884626001DB0A3 /* SceneDelegate.swift */ = {isa = PBXFileReference; fileEncoding = 4; lastKnownFileType = sourcecode.swift; path = SceneDelegate.swift; sourceTree = "<group>"; };
		C48EBCD1248846C6001DB0A3 /* CooperHewitt-Thin.otf */ = {isa = PBXFileReference; lastKnownFileType = file; path = "CooperHewitt-Thin.otf"; sourceTree = "<group>"; };
		C48EBCD2248846C6001DB0A3 /* CooperHewitt-SemiboldItalic.otf */ = {isa = PBXFileReference; lastKnownFileType = file; path = "CooperHewitt-SemiboldItalic.otf"; sourceTree = "<group>"; };
		C48EBCD3248846C6001DB0A3 /* SIL Open Font License.txt */ = {isa = PBXFileReference; fileEncoding = 4; lastKnownFileType = text; path = "SIL Open Font License.txt"; sourceTree = "<group>"; };
		C48EBCD4248846C6001DB0A3 /* CooperHewitt-Bold.otf */ = {isa = PBXFileReference; lastKnownFileType = file; path = "CooperHewitt-Bold.otf"; sourceTree = "<group>"; };
		C48EBCD5248846C6001DB0A3 /* CooperHewitt-BoldItalic.otf */ = {isa = PBXFileReference; lastKnownFileType = file; path = "CooperHewitt-BoldItalic.otf"; sourceTree = "<group>"; };
		C48EBCD6248846C6001DB0A3 /* CooperHewitt-ThinItalic.otf */ = {isa = PBXFileReference; lastKnownFileType = file; path = "CooperHewitt-ThinItalic.otf"; sourceTree = "<group>"; };
		C48EBCD7248846C6001DB0A3 /* CooperHewitt-Book.otf */ = {isa = PBXFileReference; lastKnownFileType = file; path = "CooperHewitt-Book.otf"; sourceTree = "<group>"; };
		C48EBCD8248846C6001DB0A3 /* CooperHewitt-BookItalic.otf */ = {isa = PBXFileReference; lastKnownFileType = file; path = "CooperHewitt-BookItalic.otf"; sourceTree = "<group>"; };
		C48EBCD9248846C6001DB0A3 /* CooperHewitt-Medium.otf */ = {isa = PBXFileReference; lastKnownFileType = file; path = "CooperHewitt-Medium.otf"; sourceTree = "<group>"; };
		C48EBCDA248846C6001DB0A3 /* CooperHewitt-LightItalic.otf */ = {isa = PBXFileReference; lastKnownFileType = file; path = "CooperHewitt-LightItalic.otf"; sourceTree = "<group>"; };
		C48EBCDB248846C6001DB0A3 /* CooperHewitt-HeavyItalic.otf */ = {isa = PBXFileReference; lastKnownFileType = file; path = "CooperHewitt-HeavyItalic.otf"; sourceTree = "<group>"; };
		C48EBCDC248846C6001DB0A3 /* CooperHewitt-Heavy.otf */ = {isa = PBXFileReference; lastKnownFileType = file; path = "CooperHewitt-Heavy.otf"; sourceTree = "<group>"; };
		C48EBCDD248846C6001DB0A3 /* CooperHewitt-Light.otf */ = {isa = PBXFileReference; lastKnownFileType = file; path = "CooperHewitt-Light.otf"; sourceTree = "<group>"; };
		C48EBCDE248846C6001DB0A3 /* CooperHewitt-MediumItalic.otf */ = {isa = PBXFileReference; lastKnownFileType = file; path = "CooperHewitt-MediumItalic.otf"; sourceTree = "<group>"; };
		C48EBCDF248846C6001DB0A3 /* CooperHewitt-Semibold.otf */ = {isa = PBXFileReference; lastKnownFileType = file; path = "CooperHewitt-Semibold.otf"; sourceTree = "<group>"; };
		C491EF3E24871FA30055DA49 /* String+ConvertHexToColour.swift */ = {isa = PBXFileReference; lastKnownFileType = sourcecode.swift; path = "String+ConvertHexToColour.swift"; sourceTree = "<group>"; };
		C4E97908247DE48A0039B398 /* FirstOnboardingController.swift */ = {isa = PBXFileReference; lastKnownFileType = sourcecode.swift; name = FirstOnboardingController.swift; path = Coastlines/FirstOnboardingController.swift; sourceTree = SOURCE_ROOT; };
		C4E9790A247DE4AD0039B398 /* FirstOnboardingView.swift */ = {isa = PBXFileReference; lastKnownFileType = sourcecode.swift; name = FirstOnboardingView.swift; path = "Coastlines/Views/New Group/FirstOnboardingView.swift"; sourceTree = SOURCE_ROOT; };
		CEE5A3A6EC95A87BAEBAA85A /* Pods-Coastlines.release.xcconfig */ = {isa = PBXFileReference; includeInIndex = 1; lastKnownFileType = text.xcconfig; name = "Pods-Coastlines.release.xcconfig"; path = "Target Support Files/Pods-Coastlines/Pods-Coastlines.release.xcconfig"; sourceTree = "<group>"; };
		D9E2C3AA5973D81C0024A883 /* Pods_Coastlines.framework */ = {isa = PBXFileReference; explicitFileType = wrapper.framework; includeInIndex = 0; path = Pods_Coastlines.framework; sourceTree = BUILT_PRODUCTS_DIR; };
/* End PBXFileReference section */

/* Begin PBXFrameworksBuildPhase section */
		0B1F21352476DEC300729365 /* Frameworks */ = {
			isa = PBXFrameworksBuildPhase;
			buildActionMask = 2147483647;
			files = (
				1393FDC357C87C1B91849D65 /* Pods_Coastlines.framework in Frameworks */,
			);
			runOnlyForDeploymentPostprocessing = 0;
		};
/* End PBXFrameworksBuildPhase section */

/* Begin PBXGroup section */
		02858577248304B70003E31A /* JSON Data */ = {
			isa = PBXGroup;
			children = (
				02858578248305410003E31A /* locationFactsData.json */,
			);
			path = "JSON Data";
			sourceTree = "<group>";
		};
		0289F8F4247DA086008D3910 /* Views */ = {
			isa = PBXGroup;
			children = (
				02B9AC9D248EC3DD0037971E /* Wavy Views */,
				02B9AC9C248EC3AE0037971E /* Onboarding Views */,
				0B09F373247EF4B4001E17F0 /* ARCoastView.swift */,
				0289F8F9247DB933008D3910 /* LocationDetailView.swift */,
				B7A4588D247F10BE001F8E51 /* LocationsVew.swift */,
				028423742489C984000C1A9B /* DetailView.swift */,
				0BCDFFB92485376A007A94BF /* LocationReusableView.swift */,
				02B9AC9E248EC3FC0037971E /* Cells */,
			);
			path = Views;
			sourceTree = "<group>";
		};
		0289F8F5247DA093008D3910 /* Controllers */ = {
			isa = PBXGroup;
			children = (
				C4E97908247DE48A0039B398 /* FirstOnboardingController.swift */,
				C463925824847AA200DDB4DE /* SecondOnboardingController.swift */,
				C463926024847EE800DDB4DE /* ThirdOnboardingController.swift */,
				C463926224847EF800DDB4DE /* FourthOnboardingController.swift */,
				C463926424847F0B00DDB4DE /* FifthOnboardingController.swift */,
				0B09F371247EF49F001E17F0 /* ARViewController.swift */,
				0289F8FB247DB981008D3910 /* LocationDetailVC.swift */,
				B7A4588B247F10A1001F8E51 /* LocationsViewController.swift */,
				028423722489C8D1000C1A9B /* LocationDetailController.swift */,
			);
			path = Controllers;
			sourceTree = "<group>";
		};
		0289F8F6247DA0A3008D3910 /* Extensions */ = {
			isa = PBXGroup;
			children = (
				C44314B6248564E4008A59D9 /* UIViewController+resetWindow.swift */,
				028585822485B9660003E31A /* NSUIColor+Hex.swift */,
				C491EF3E24871FA30055DA49 /* String+ConvertHexToColour.swift */,
				02F53F05248AAB3C00227C62 /* UIButton+Extension.swift */,
			);
			path = Extensions;
			sourceTree = "<group>";
		};
		0289F8F7247DA0BA008D3910 /* Services */ = {
			isa = PBXGroup;
			children = (
				C48EBCC824884626001DB0A3 /* GlobalConstants.swift */,
			);
			path = Services;
			sourceTree = "<group>";
		};
		0289F8F8247DA0D2008D3910 /* Models */ = {
			isa = PBXGroup;
			children = (
				0285857A2483063A0003E31A /* FactsData.swift */,
			);
			path = Models;
			sourceTree = "<group>";
		};
		02B9AC9C248EC3AE0037971E /* Onboarding Views */ = {
			isa = PBXGroup;
			children = (
				C4E9790A247DE4AD0039B398 /* FirstOnboardingView.swift */,
				C463925624847A8F00DDB4DE /* SecondOnboardingView.swift */,
				C463925A24847EB900DDB4DE /* ThirdOnboardingView.swift */,
				C463925C24847EC900DDB4DE /* FourthOnboardingView.swift */,
				C463925E24847ED600DDB4DE /* FifthOnboardingView.swift */,
			);
			path = "Onboarding Views";
			sourceTree = "<group>";
		};
		02B9AC9D248EC3DD0037971E /* Wavy Views */ = {
			isa = PBXGroup;
			children = (
				C48EBCC2248808D9001DB0A3 /* TestView.swift */,
				0285857E2485970E0003E31A /* WavyView.swift */,
				0B35424B2488000600AAB02C /* WavyView2.swift */,
			);
			path = "Wavy Views";
			sourceTree = "<group>";
		};
		02B9AC9E248EC3FC0037971E /* Cells */ = {
			isa = PBXGroup;
			children = (
				028423762489E617000C1A9B /* ContentCell.swift */,
				02F53F03248AA7E200227C62 /* GraphCell.swift */,
				02F53F11248AF87600227C62 /* PieChartCell.swift */,
				024035D3248D8B7800C7F7B2 /* ARCell.swift */,
				0BCDFFB7248534B1007A94BF /* LocationCell.swift */,
				0BCDFFBB24856588007A94BF /* LocationIntroCell.swift */,
			);
			path = Cells;
			sourceTree = "<group>";
		};
		0B1F212F2476DEC300729365 = {
			isa = PBXGroup;
			children = (
				0B1F213A2476DEC300729365 /* Coastlines */,
				0B1F21392476DEC300729365 /* Products */,
				A9AB02489A2239108882CA4F /* Pods */,
				79A00A563E6E055F7CD461D6 /* Frameworks */,
			);
			sourceTree = "<group>";
		};
		0B1F21392476DEC300729365 /* Products */ = {
			isa = PBXGroup;
			children = (
				0B1F21382476DEC300729365 /* Coastlines.app */,
			);
			name = Products;
			sourceTree = "<group>";
		};
		0B1F213A2476DEC300729365 /* Coastlines */ = {
			isa = PBXGroup;
			children = (
				02858577248304B70003E31A /* JSON Data */,
				0289F8F8247DA0D2008D3910 /* Models */,
				0289F8F7247DA0BA008D3910 /* Services */,
				0289F8F5247DA093008D3910 /* Controllers */,
				0289F8F4247DA086008D3910 /* Views */,
				0289F8F6247DA0A3008D3910 /* Extensions */,
				C48EBCC424884626001DB0A3 /* Supporting Files */,
				0B1F21492476DECA00729365 /* Info.plist */,
			);
			path = Coastlines;
			sourceTree = "<group>";
		};
		79A00A563E6E055F7CD461D6 /* Frameworks */ = {
			isa = PBXGroup;
			children = (
				D9E2C3AA5973D81C0024A883 /* Pods_Coastlines.framework */,
			);
			name = Frameworks;
			sourceTree = "<group>";
		};
		A9AB02489A2239108882CA4F /* Pods */ = {
			isa = PBXGroup;
			children = (
				90B7802E35291B5353608B3B /* Pods-Coastlines.debug.xcconfig */,
				CEE5A3A6EC95A87BAEBAA85A /* Pods-Coastlines.release.xcconfig */,
			);
			path = Pods;
			sourceTree = "<group>";
		};
		C48EBCC424884626001DB0A3 /* Supporting Files */ = {
			isa = PBXGroup;
			children = (
				C48EBCC524884626001DB0A3 /* Assets.xcassets */,
				C48EBCC624884626001DB0A3 /* LaunchScreen.storyboard */,
				C48EBCC924884626001DB0A3 /* AppDelegate.swift */,
				C48EBCCA24884626001DB0A3 /* SceneDelegate.swift */,
				C48EBCD0248846C6001DB0A3 /* Cooper-Hewitt */,
			);
			path = "Supporting Files";
			sourceTree = "<group>";
		};
		C48EBCD0248846C6001DB0A3 /* Cooper-Hewitt */ = {
			isa = PBXGroup;
			children = (
				C48EBCD1248846C6001DB0A3 /* CooperHewitt-Thin.otf */,
				C48EBCD2248846C6001DB0A3 /* CooperHewitt-SemiboldItalic.otf */,
				C48EBCD3248846C6001DB0A3 /* SIL Open Font License.txt */,
				C48EBCD4248846C6001DB0A3 /* CooperHewitt-Bold.otf */,
				C48EBCD5248846C6001DB0A3 /* CooperHewitt-BoldItalic.otf */,
				C48EBCD6248846C6001DB0A3 /* CooperHewitt-ThinItalic.otf */,
				C48EBCD7248846C6001DB0A3 /* CooperHewitt-Book.otf */,
				C48EBCD8248846C6001DB0A3 /* CooperHewitt-BookItalic.otf */,
				C48EBCD9248846C6001DB0A3 /* CooperHewitt-Medium.otf */,
				C48EBCDA248846C6001DB0A3 /* CooperHewitt-LightItalic.otf */,
				C48EBCDB248846C6001DB0A3 /* CooperHewitt-HeavyItalic.otf */,
				C48EBCDC248846C6001DB0A3 /* CooperHewitt-Heavy.otf */,
				C48EBCDD248846C6001DB0A3 /* CooperHewitt-Light.otf */,
				C48EBCDE248846C6001DB0A3 /* CooperHewitt-MediumItalic.otf */,
				C48EBCDF248846C6001DB0A3 /* CooperHewitt-Semibold.otf */,
			);
			path = "Cooper-Hewitt";
			sourceTree = "<group>";
		};
/* End PBXGroup section */

/* Begin PBXNativeTarget section */
		0B1F21372476DEC300729365 /* Coastlines */ = {
			isa = PBXNativeTarget;
			buildConfigurationList = 0B1F214C2476DECA00729365 /* Build configuration list for PBXNativeTarget "Coastlines" */;
			buildPhases = (
				B83F0BBB3338FDF2D614B210 /* [CP] Check Pods Manifest.lock */,
				0B1F21342476DEC300729365 /* Sources */,
				0B1F21352476DEC300729365 /* Frameworks */,
				0B1F21362476DEC300729365 /* Resources */,
				EF8B6F7E8B846EEC7B298A84 /* [CP] Embed Pods Frameworks */,
			);
			buildRules = (
			);
			dependencies = (
			);
			name = Coastlines;
			productName = Coastlines;
			productReference = 0B1F21382476DEC300729365 /* Coastlines.app */;
			productType = "com.apple.product-type.application";
		};
/* End PBXNativeTarget section */

/* Begin PBXProject section */
		0B1F21302476DEC300729365 /* Project object */ = {
			isa = PBXProject;
			attributes = {
				LastSwiftUpdateCheck = 1150;
				LastUpgradeCheck = 1150;
				ORGANIZATIONNAME = "Ahad Islam";
				TargetAttributes = {
					0B1F21372476DEC300729365 = {
						CreatedOnToolsVersion = 11.5;
					};
				};
			};
			buildConfigurationList = 0B1F21332476DEC300729365 /* Build configuration list for PBXProject "Coastlines" */;
			compatibilityVersion = "Xcode 9.3";
			developmentRegion = en;
			hasScannedForEncodings = 0;
			knownRegions = (
				en,
				Base,
			);
			mainGroup = 0B1F212F2476DEC300729365;
			productRefGroup = 0B1F21392476DEC300729365 /* Products */;
			projectDirPath = "";
			projectRoot = "";
			targets = (
				0B1F21372476DEC300729365 /* Coastlines */,
			);
		};
/* End PBXProject section */

/* Begin PBXResourcesBuildPhase section */
		0B1F21362476DEC300729365 /* Resources */ = {
			isa = PBXResourcesBuildPhase;
			buildActionMask = 2147483647;
			files = (
				C48EBCE5248846C6001DB0A3 /* CooperHewitt-ThinItalic.otf in Resources */,
				C48EBCE9248846C6001DB0A3 /* CooperHewitt-LightItalic.otf in Resources */,
				C48EBCE7248846C6001DB0A3 /* CooperHewitt-BookItalic.otf in Resources */,
				02858579248305410003E31A /* locationFactsData.json in Resources */,
				C48EBCE0248846C6001DB0A3 /* CooperHewitt-Thin.otf in Resources */,
				C48EBCE3248846C6001DB0A3 /* CooperHewitt-Bold.otf in Resources */,
				C48EBCE8248846C6001DB0A3 /* CooperHewitt-Medium.otf in Resources */,
				C48EBCEB248846C6001DB0A3 /* CooperHewitt-Heavy.otf in Resources */,
				C48EBCE4248846C6001DB0A3 /* CooperHewitt-BoldItalic.otf in Resources */,
				C48EBCCB24884626001DB0A3 /* Assets.xcassets in Resources */,
				C48EBCE2248846C6001DB0A3 /* SIL Open Font License.txt in Resources */,
				C48EBCED248846C6001DB0A3 /* CooperHewitt-MediumItalic.otf in Resources */,
				C48EBCEA248846C6001DB0A3 /* CooperHewitt-HeavyItalic.otf in Resources */,
				C48EBCE6248846C6001DB0A3 /* CooperHewitt-Book.otf in Resources */,
				C48EBCE1248846C6001DB0A3 /* CooperHewitt-SemiboldItalic.otf in Resources */,
				C48EBCCC24884626001DB0A3 /* LaunchScreen.storyboard in Resources */,
				C48EBCEC248846C6001DB0A3 /* CooperHewitt-Light.otf in Resources */,
				C48EBCEE248846C6001DB0A3 /* CooperHewitt-Semibold.otf in Resources */,
			);
			runOnlyForDeploymentPostprocessing = 0;
		};
/* End PBXResourcesBuildPhase section */

/* Begin PBXShellScriptBuildPhase section */
		B83F0BBB3338FDF2D614B210 /* [CP] Check Pods Manifest.lock */ = {
			isa = PBXShellScriptBuildPhase;
			buildActionMask = 2147483647;
			files = (
			);
			inputFileListPaths = (
			);
			inputPaths = (
				"${PODS_PODFILE_DIR_PATH}/Podfile.lock",
				"${PODS_ROOT}/Manifest.lock",
			);
			name = "[CP] Check Pods Manifest.lock";
			outputFileListPaths = (
			);
			outputPaths = (
				"$(DERIVED_FILE_DIR)/Pods-Coastlines-checkManifestLockResult.txt",
			);
			runOnlyForDeploymentPostprocessing = 0;
			shellPath = /bin/sh;
			shellScript = "diff \"${PODS_PODFILE_DIR_PATH}/Podfile.lock\" \"${PODS_ROOT}/Manifest.lock\" > /dev/null\nif [ $? != 0 ] ; then\n    # print error to STDERR\n    echo \"error: The sandbox is not in sync with the Podfile.lock. Run 'pod install' or update your CocoaPods installation.\" >&2\n    exit 1\nfi\n# This output is used by Xcode 'outputs' to avoid re-running this script phase.\necho \"SUCCESS\" > \"${SCRIPT_OUTPUT_FILE_0}\"\n";
			showEnvVarsInLog = 0;
		};
		EF8B6F7E8B846EEC7B298A84 /* [CP] Embed Pods Frameworks */ = {
			isa = PBXShellScriptBuildPhase;
			buildActionMask = 2147483647;
			files = (
			);
			inputFileListPaths = (
				"${PODS_ROOT}/Target Support Files/Pods-Coastlines/Pods-Coastlines-frameworks-${CONFIGURATION}-input-files.xcfilelist",
			);
			name = "[CP] Embed Pods Frameworks";
			outputFileListPaths = (
				"${PODS_ROOT}/Target Support Files/Pods-Coastlines/Pods-Coastlines-frameworks-${CONFIGURATION}-output-files.xcfilelist",
			);
			runOnlyForDeploymentPostprocessing = 0;
			shellPath = /bin/sh;
			shellScript = "\"${PODS_ROOT}/Target Support Files/Pods-Coastlines/Pods-Coastlines-frameworks.sh\"\n";
			showEnvVarsInLog = 0;
		};
/* End PBXShellScriptBuildPhase section */

/* Begin PBXSourcesBuildPhase section */
		0B1F21342476DEC300729365 /* Sources */ = {
			isa = PBXSourcesBuildPhase;
			buildActionMask = 2147483647;
			files = (
				02F53F12248AF87600227C62 /* PieChartCell.swift in Sources */,
				C4E97909247DE48A0039B398 /* FirstOnboardingController.swift in Sources */,
				C463925D24847EC900DDB4DE /* FourthOnboardingView.swift in Sources */,
				C48EBCCF24884626001DB0A3 /* SceneDelegate.swift in Sources */,
				02F53F06248AAB3C00227C62 /* UIButton+Extension.swift in Sources */,
				C4E9790B247DE4AD0039B398 /* FirstOnboardingView.swift in Sources */,
				C48EBCC3248808D9001DB0A3 /* TestView.swift in Sources */,
				C463925F24847ED600DDB4DE /* FifthOnboardingView.swift in Sources */,
				0B35424C2488000600AAB02C /* WavyView2.swift in Sources */,
				028423772489E617000C1A9B /* ContentCell.swift in Sources */,
				028423732489C8D1000C1A9B /* LocationDetailController.swift in Sources */,
				C44314B7248564E4008A59D9 /* UIViewController+resetWindow.swift in Sources */,
				0285857B2483063A0003E31A /* FactsData.swift in Sources */,
				0BCDFFBC24856588007A94BF /* LocationIntroCell.swift in Sources */,
				024035D4248D8B7800C7F7B2 /* ARCell.swift in Sources */,
				0285857F2485970E0003E31A /* WavyView.swift in Sources */,
				B7A4588C247F10A1001F8E51 /* LocationsViewController.swift in Sources */,
				028585832485B9660003E31A /* NSUIColor+Hex.swift in Sources */,
				0B09F374247EF4B4001E17F0 /* ARCoastView.swift in Sources */,
				0BCDFFBA2485376A007A94BF /* LocationReusableView.swift in Sources */,
				028423752489C984000C1A9B /* DetailView.swift in Sources */,
				02F53F04248AA7E200227C62 /* GraphCell.swift in Sources */,
				0B09F372247EF49F001E17F0 /* ARViewController.swift in Sources */,
				B7A4588E247F10BE001F8E51 /* LocationsVew.swift in Sources */,
				C463925724847A8F00DDB4DE /* SecondOnboardingView.swift in Sources */,
				C463926124847EE800DDB4DE /* ThirdOnboardingController.swift in Sources */,
				C48EBCCE24884626001DB0A3 /* AppDelegate.swift in Sources */,
				0BCDFFB8248534B1007A94BF /* LocationCell.swift in Sources */,
				C463926324847EF800DDB4DE /* FourthOnboardingController.swift in Sources */,
				C463925924847AA200DDB4DE /* SecondOnboardingController.swift in Sources */,
				C48EBCCD24884626001DB0A3 /* GlobalConstants.swift in Sources */,
				C491EF3F24871FA30055DA49 /* String+ConvertHexToColour.swift in Sources */,
				C463926524847F0B00DDB4DE /* FifthOnboardingController.swift in Sources */,
				0289F8FC247DB981008D3910 /* LocationDetailVC.swift in Sources */,
				0289F8FA247DB933008D3910 /* LocationDetailView.swift in Sources */,
				C463925B24847EB900DDB4DE /* ThirdOnboardingView.swift in Sources */,
			);
			runOnlyForDeploymentPostprocessing = 0;
		};
/* End PBXSourcesBuildPhase section */

/* Begin PBXVariantGroup section */
		C48EBCC624884626001DB0A3 /* LaunchScreen.storyboard */ = {
			isa = PBXVariantGroup;
			children = (
				C48EBCC724884626001DB0A3 /* Base */,
			);
			name = LaunchScreen.storyboard;
			sourceTree = "<group>";
		};
/* End PBXVariantGroup section */

/* Begin XCBuildConfiguration section */
		0B1F214A2476DECA00729365 /* Debug */ = {
			isa = XCBuildConfiguration;
			buildSettings = {
				ALWAYS_SEARCH_USER_PATHS = NO;
				CLANG_ANALYZER_NONNULL = YES;
				CLANG_ANALYZER_NUMBER_OBJECT_CONVERSION = YES_AGGRESSIVE;
				CLANG_CXX_LANGUAGE_STANDARD = "gnu++14";
				CLANG_CXX_LIBRARY = "libc++";
				CLANG_ENABLE_MODULES = YES;
				CLANG_ENABLE_OBJC_ARC = YES;
				CLANG_ENABLE_OBJC_WEAK = YES;
				CLANG_WARN_BLOCK_CAPTURE_AUTORELEASING = YES;
				CLANG_WARN_BOOL_CONVERSION = YES;
				CLANG_WARN_COMMA = YES;
				CLANG_WARN_CONSTANT_CONVERSION = YES;
				CLANG_WARN_DEPRECATED_OBJC_IMPLEMENTATIONS = YES;
				CLANG_WARN_DIRECT_OBJC_ISA_USAGE = YES_ERROR;
				CLANG_WARN_DOCUMENTATION_COMMENTS = YES;
				CLANG_WARN_EMPTY_BODY = YES;
				CLANG_WARN_ENUM_CONVERSION = YES;
				CLANG_WARN_INFINITE_RECURSION = YES;
				CLANG_WARN_INT_CONVERSION = YES;
				CLANG_WARN_NON_LITERAL_NULL_CONVERSION = YES;
				CLANG_WARN_OBJC_IMPLICIT_RETAIN_SELF = YES;
				CLANG_WARN_OBJC_LITERAL_CONVERSION = YES;
				CLANG_WARN_OBJC_ROOT_CLASS = YES_ERROR;
				CLANG_WARN_RANGE_LOOP_ANALYSIS = YES;
				CLANG_WARN_STRICT_PROTOTYPES = YES;
				CLANG_WARN_SUSPICIOUS_MOVE = YES;
				CLANG_WARN_UNGUARDED_AVAILABILITY = YES_AGGRESSIVE;
				CLANG_WARN_UNREACHABLE_CODE = YES;
				CLANG_WARN__DUPLICATE_METHOD_MATCH = YES;
				COPY_PHASE_STRIP = NO;
				DEBUG_INFORMATION_FORMAT = dwarf;
				ENABLE_STRICT_OBJC_MSGSEND = YES;
				ENABLE_TESTABILITY = YES;
				GCC_C_LANGUAGE_STANDARD = gnu11;
				GCC_DYNAMIC_NO_PIC = NO;
				GCC_NO_COMMON_BLOCKS = YES;
				GCC_OPTIMIZATION_LEVEL = 0;
				GCC_PREPROCESSOR_DEFINITIONS = (
					"DEBUG=1",
					"$(inherited)",
				);
				GCC_WARN_64_TO_32_BIT_CONVERSION = YES;
				GCC_WARN_ABOUT_RETURN_TYPE = YES_ERROR;
				GCC_WARN_UNDECLARED_SELECTOR = YES;
				GCC_WARN_UNINITIALIZED_AUTOS = YES_AGGRESSIVE;
				GCC_WARN_UNUSED_FUNCTION = YES;
				GCC_WARN_UNUSED_VARIABLE = YES;
				IPHONEOS_DEPLOYMENT_TARGET = 13.5;
				MTL_ENABLE_DEBUG_INFO = INCLUDE_SOURCE;
				MTL_FAST_MATH = YES;
				ONLY_ACTIVE_ARCH = YES;
				SDKROOT = iphoneos;
				SWIFT_ACTIVE_COMPILATION_CONDITIONS = DEBUG;
				SWIFT_OPTIMIZATION_LEVEL = "-Onone";
			};
			name = Debug;
		};
		0B1F214B2476DECA00729365 /* Release */ = {
			isa = XCBuildConfiguration;
			buildSettings = {
				ALWAYS_SEARCH_USER_PATHS = NO;
				CLANG_ANALYZER_NONNULL = YES;
				CLANG_ANALYZER_NUMBER_OBJECT_CONVERSION = YES_AGGRESSIVE;
				CLANG_CXX_LANGUAGE_STANDARD = "gnu++14";
				CLANG_CXX_LIBRARY = "libc++";
				CLANG_ENABLE_MODULES = YES;
				CLANG_ENABLE_OBJC_ARC = YES;
				CLANG_ENABLE_OBJC_WEAK = YES;
				CLANG_WARN_BLOCK_CAPTURE_AUTORELEASING = YES;
				CLANG_WARN_BOOL_CONVERSION = YES;
				CLANG_WARN_COMMA = YES;
				CLANG_WARN_CONSTANT_CONVERSION = YES;
				CLANG_WARN_DEPRECATED_OBJC_IMPLEMENTATIONS = YES;
				CLANG_WARN_DIRECT_OBJC_ISA_USAGE = YES_ERROR;
				CLANG_WARN_DOCUMENTATION_COMMENTS = YES;
				CLANG_WARN_EMPTY_BODY = YES;
				CLANG_WARN_ENUM_CONVERSION = YES;
				CLANG_WARN_INFINITE_RECURSION = YES;
				CLANG_WARN_INT_CONVERSION = YES;
				CLANG_WARN_NON_LITERAL_NULL_CONVERSION = YES;
				CLANG_WARN_OBJC_IMPLICIT_RETAIN_SELF = YES;
				CLANG_WARN_OBJC_LITERAL_CONVERSION = YES;
				CLANG_WARN_OBJC_ROOT_CLASS = YES_ERROR;
				CLANG_WARN_RANGE_LOOP_ANALYSIS = YES;
				CLANG_WARN_STRICT_PROTOTYPES = YES;
				CLANG_WARN_SUSPICIOUS_MOVE = YES;
				CLANG_WARN_UNGUARDED_AVAILABILITY = YES_AGGRESSIVE;
				CLANG_WARN_UNREACHABLE_CODE = YES;
				CLANG_WARN__DUPLICATE_METHOD_MATCH = YES;
				COPY_PHASE_STRIP = NO;
				DEBUG_INFORMATION_FORMAT = "dwarf-with-dsym";
				ENABLE_NS_ASSERTIONS = NO;
				ENABLE_STRICT_OBJC_MSGSEND = YES;
				GCC_C_LANGUAGE_STANDARD = gnu11;
				GCC_NO_COMMON_BLOCKS = YES;
				GCC_WARN_64_TO_32_BIT_CONVERSION = YES;
				GCC_WARN_ABOUT_RETURN_TYPE = YES_ERROR;
				GCC_WARN_UNDECLARED_SELECTOR = YES;
				GCC_WARN_UNINITIALIZED_AUTOS = YES_AGGRESSIVE;
				GCC_WARN_UNUSED_FUNCTION = YES;
				GCC_WARN_UNUSED_VARIABLE = YES;
				IPHONEOS_DEPLOYMENT_TARGET = 13.5;
				MTL_ENABLE_DEBUG_INFO = NO;
				MTL_FAST_MATH = YES;
				SDKROOT = iphoneos;
				SWIFT_COMPILATION_MODE = wholemodule;
				SWIFT_OPTIMIZATION_LEVEL = "-O";
				VALIDATE_PRODUCT = YES;
			};
			name = Release;
		};
		0B1F214D2476DECA00729365 /* Debug */ = {
			isa = XCBuildConfiguration;
			baseConfigurationReference = 90B7802E35291B5353608B3B /* Pods-Coastlines.debug.xcconfig */;
			buildSettings = {
				ASSETCATALOG_COMPILER_APPICON_NAME = AppIcon;
				CODE_SIGN_STYLE = Automatic;
				DEVELOPMENT_TEAM = 4MS4J77WTY;
				INFOPLIST_FILE = Coastlines/Info.plist;
				LD_RUNPATH_SEARCH_PATHS = (
					"$(inherited)",
					"@executable_path/Frameworks",
				);
				PRODUCT_BUNDLE_IDENTIFIER = com.ahadislam.Coastlines;
				PRODUCT_NAME = "$(TARGET_NAME)";
				SWIFT_VERSION = 5.0;
				TARGETED_DEVICE_FAMILY = "1,2";
			};
			name = Debug;
		};
		0B1F214E2476DECA00729365 /* Release */ = {
			isa = XCBuildConfiguration;
			baseConfigurationReference = CEE5A3A6EC95A87BAEBAA85A /* Pods-Coastlines.release.xcconfig */;
			buildSettings = {
				ASSETCATALOG_COMPILER_APPICON_NAME = AppIcon;
				CODE_SIGN_STYLE = Automatic;
				DEVELOPMENT_TEAM = 4MS4J77WTY;
				INFOPLIST_FILE = Coastlines/Info.plist;
				LD_RUNPATH_SEARCH_PATHS = (
					"$(inherited)",
					"@executable_path/Frameworks",
				);
				PRODUCT_BUNDLE_IDENTIFIER = com.ahadislam.Coastlines;
				PRODUCT_NAME = "$(TARGET_NAME)";
				SWIFT_VERSION = 5.0;
				TARGETED_DEVICE_FAMILY = "1,2";
			};
			name = Release;
		};
/* End XCBuildConfiguration section */

/* Begin XCConfigurationList section */
		0B1F21332476DEC300729365 /* Build configuration list for PBXProject "Coastlines" */ = {
			isa = XCConfigurationList;
			buildConfigurations = (
				0B1F214A2476DECA00729365 /* Debug */,
				0B1F214B2476DECA00729365 /* Release */,
			);
			defaultConfigurationIsVisible = 0;
			defaultConfigurationName = Release;
		};
		0B1F214C2476DECA00729365 /* Build configuration list for PBXNativeTarget "Coastlines" */ = {
			isa = XCConfigurationList;
			buildConfigurations = (
				0B1F214D2476DECA00729365 /* Debug */,
				0B1F214E2476DECA00729365 /* Release */,
			);
			defaultConfigurationIsVisible = 0;
			defaultConfigurationName = Release;
		};
/* End XCConfigurationList section */
	};
	rootObject = 0B1F21302476DEC300729365 /* Project object */;
}
