// !$*UTF8*$!
{
	archiveVersion = 1;
	classes = {
	};
	objectVersion = 52;
	objects = {

/* Begin PBXBuildFile section */
		0200C36324A6E69D00D94229 /* HandleYears.swift in Sources */ = {isa = PBXBuildFile; fileRef = 0200C36224A6E69D00D94229 /* HandleYears.swift */; };
		024035D4248D8B7800C7F7B2 /* ARCell.swift in Sources */ = {isa = PBXBuildFile; fileRef = 024035D3248D8B7800C7F7B2 /* ARCell.swift */; };
		024128D12497DB5F0070FEAC /* RealityUI in Frameworks */ = {isa = PBXBuildFile; productRef = 024128D02497DB5F0070FEAC /* RealityUI */; };
		02737072249C317100A10E7B /* simd+ext.swift in Sources */ = {isa = PBXBuildFile; fileRef = 02737071249C317100A10E7B /* simd+ext.swift */; };
		02737073249C324B00A10E7B /* simd+ext.swift in Sources */ = {isa = PBXBuildFile; fileRef = 02737071249C317100A10E7B /* simd+ext.swift */; };
		02737075249D22F300A10E7B /* TOCCell.swift in Sources */ = {isa = PBXBuildFile; fileRef = 02737074249D22F300A10E7B /* TOCCell.swift */; };
		02737076249D23E800A10E7B /* TOCCell.swift in Sources */ = {isa = PBXBuildFile; fileRef = 02737074249D22F300A10E7B /* TOCCell.swift */; };
		02737078249FB8AA00A10E7B /* UIAlertController+Extension.swift in Sources */ = {isa = PBXBuildFile; fileRef = 02737077249FB8AA00A10E7B /* UIAlertController+Extension.swift */; };
		0273707A249FBC2B00A10E7B /* GraphShowAlert.swift in Sources */ = {isa = PBXBuildFile; fileRef = 02737079249FBC2B00A10E7B /* GraphShowAlert.swift */; };
		0273707B249FEC2C00A10E7B /* GraphShowAlert.swift in Sources */ = {isa = PBXBuildFile; fileRef = 02737079249FBC2B00A10E7B /* GraphShowAlert.swift */; };
		0273707C249FEC9700A10E7B /* UIAlertController+Extension.swift in Sources */ = {isa = PBXBuildFile; fileRef = 02737077249FB8AA00A10E7B /* UIAlertController+Extension.swift */; };
		0273707E24A00D2C00A10E7B /* FactText.swift in Sources */ = {isa = PBXBuildFile; fileRef = 0273707D24A00D2C00A10E7B /* FactText.swift */; };
		0273708124A047BF00A10E7B /* FactText.swift in Sources */ = {isa = PBXBuildFile; fileRef = 0273707D24A00D2C00A10E7B /* FactText.swift */; };
		0273708324A10BDE00A10E7B /* DropFlipRiseNYC.rcproject in Sources */ = {isa = PBXBuildFile; fileRef = 0273708224A10BDE00A10E7B /* DropFlipRiseNYC.rcproject */; };
		028423732489C8D1000C1A9B /* LocationDetailController.swift in Sources */ = {isa = PBXBuildFile; fileRef = 028423722489C8D1000C1A9B /* LocationDetailController.swift */; };
		028423752489C984000C1A9B /* DetailView.swift in Sources */ = {isa = PBXBuildFile; fileRef = 028423742489C984000C1A9B /* DetailView.swift */; };
		028423772489E617000C1A9B /* ContentCell.swift in Sources */ = {isa = PBXBuildFile; fileRef = 028423762489E617000C1A9B /* ContentCell.swift */; };
		02858579248305410003E31A /* locationFactsData.json in Resources */ = {isa = PBXBuildFile; fileRef = 02858578248305410003E31A /* locationFactsData.json */; };
		0285857B2483063A0003E31A /* FactsData.swift in Sources */ = {isa = PBXBuildFile; fileRef = 0285857A2483063A0003E31A /* FactsData.swift */; };
		0285857F2485970E0003E31A /* WavyView.swift in Sources */ = {isa = PBXBuildFile; fileRef = 0285857E2485970E0003E31A /* WavyView.swift */; };
		028585832485B9660003E31A /* NSUIColor+Hex.swift in Sources */ = {isa = PBXBuildFile; fileRef = 028585822485B9660003E31A /* NSUIColor+Hex.swift */; };
		0289F8FA247DB933008D3910 /* LocationDetailView.swift in Sources */ = {isa = PBXBuildFile; fileRef = 0289F8F9247DB933008D3910 /* LocationDetailView.swift */; };
		0289F8FC247DB981008D3910 /* LocationDetailVC.swift in Sources */ = {isa = PBXBuildFile; fileRef = 0289F8FB247DB981008D3910 /* LocationDetailVC.swift */; };
		02AC5AA224996FCE00468145 /* SeaLevelComputations.swift in Sources */ = {isa = PBXBuildFile; fileRef = 02AC5AA124996FCE00468145 /* SeaLevelComputations.swift */; };
		02B9ACA0248ED2ED0037971E /* FirstOnboardingView.swift in Sources */ = {isa = PBXBuildFile; fileRef = 02B9AC9F248ED2ED0037971E /* FirstOnboardingView.swift */; };
		02C4D15724913FCE0095560B /* ExperimentARController.swift in Sources */ = {isa = PBXBuildFile; fileRef = 02C4D15624913FCE0095560B /* ExperimentARController.swift */; };
		02D2F71324A199EC005E89D6 /* arIconAnimation.json in Resources */ = {isa = PBXBuildFile; fileRef = 02D2F71224A199EC005E89D6 /* arIconAnimation.json */; };
		02D2F71424A199EC005E89D6 /* arIconAnimation.json in Resources */ = {isa = PBXBuildFile; fileRef = 02D2F71224A199EC005E89D6 /* arIconAnimation.json */; };
		02F53F04248AA7E200227C62 /* GraphCell.swift in Sources */ = {isa = PBXBuildFile; fileRef = 02F53F03248AA7E200227C62 /* GraphCell.swift */; };
		02F53F06248AAB3C00227C62 /* UIButton+Extension.swift in Sources */ = {isa = PBXBuildFile; fileRef = 02F53F05248AAB3C00227C62 /* UIButton+Extension.swift */; };
		02F53F12248AF87600227C62 /* PieChartCell.swift in Sources */ = {isa = PBXBuildFile; fileRef = 02F53F11248AF87600227C62 /* PieChartCell.swift */; };
		0B09F372247EF49F001E17F0 /* ARViewController.swift in Sources */ = {isa = PBXBuildFile; fileRef = 0B09F371247EF49F001E17F0 /* ARViewController.swift */; };
		0B09F374247EF4B4001E17F0 /* ARCoastView.swift in Sources */ = {isa = PBXBuildFile; fileRef = 0B09F373247EF4B4001E17F0 /* ARCoastView.swift */; };
		0B1A9ED6249BB0D3008477C6 /* CityLights.swift in Sources */ = {isa = PBXBuildFile; fileRef = 0B1A9ED5249BB0D3008477C6 /* CityLights.swift */; };
		0B2AA89E2497BC4300789B34 /* ExperimentARController+ARCoachingOverlay.swift in Sources */ = {isa = PBXBuildFile; fileRef = 0B2AA89D2497BC4300789B34 /* ExperimentARController+ARCoachingOverlay.swift */; };
		0B35424C2488000600AAB02C /* WavyView2.swift in Sources */ = {isa = PBXBuildFile; fileRef = 0B35424B2488000600AAB02C /* WavyView2.swift */; };
		0BCDFFB8248534B1007A94BF /* LocationCell.swift in Sources */ = {isa = PBXBuildFile; fileRef = 0BCDFFB7248534B1007A94BF /* LocationCell.swift */; };
		0BCDFFBA2485376A007A94BF /* LocationReusableView.swift in Sources */ = {isa = PBXBuildFile; fileRef = 0BCDFFB92485376A007A94BF /* LocationReusableView.swift */; };
		0BCDFFBC24856588007A94BF /* LocationIntroCell.swift in Sources */ = {isa = PBXBuildFile; fileRef = 0BCDFFBB24856588007A94BF /* LocationIntroCell.swift */; };
		1393FDC357C87C1B91849D65 /* Pods_Coastlines.framework in Frameworks */ = {isa = PBXBuildFile; fileRef = D9E2C3AA5973D81C0024A883 /* Pods_Coastlines.framework */; };
		5D700857BBD059F2237BFD0C /* Pods_TestFeatureTarget.framework in Frameworks */ = {isa = PBXBuildFile; fileRef = 93B9E8FE61F7AAE1A1CB365C /* Pods_TestFeatureTarget.framework */; };
		B724305524A14E2400EF211F /* IcebergPan.mov in Resources */ = {isa = PBXBuildFile; fileRef = B724305424A14E2400EF211F /* IcebergPan.mov */; };
		B724305624A14E2400EF211F /* IcebergPan.mov in Resources */ = {isa = PBXBuildFile; fileRef = B724305424A14E2400EF211F /* IcebergPan.mov */; };
		B724305824A1665B00EF211F /* IcebergPan2.mov in Resources */ = {isa = PBXBuildFile; fileRef = B724305724A1665B00EF211F /* IcebergPan2.mov */; };
		B724305924A1665B00EF211F /* IcebergPan2.mov in Resources */ = {isa = PBXBuildFile; fileRef = B724305724A1665B00EF211F /* IcebergPan2.mov */; };
		B776AD412497F5AF00034A4E /* ResourcesController.swift in Sources */ = {isa = PBXBuildFile; fileRef = B7B59BDA2497E4A0004CA137 /* ResourcesController.swift */; };
		B7A4588C247F10A1001F8E51 /* LocationsViewController.swift in Sources */ = {isa = PBXBuildFile; fileRef = B7A4588B247F10A1001F8E51 /* LocationsViewController.swift */; };
		B7A4588E247F10BE001F8E51 /* LocationsView.swift in Sources */ = {isa = PBXBuildFile; fileRef = B7A4588D247F10BE001F8E51 /* LocationsView.swift */; };
		B7B59BDB2497E4A0004CA137 /* ResourcesController.swift in Sources */ = {isa = PBXBuildFile; fileRef = B7B59BDA2497E4A0004CA137 /* ResourcesController.swift */; };
		B7B59BDD2497E4E8004CA137 /* ResourceView.swift in Sources */ = {isa = PBXBuildFile; fileRef = B7B59BDC2497E4E8004CA137 /* ResourceView.swift */; };
		B7B59BDE2497E4E8004CA137 /* ResourceView.swift in Sources */ = {isa = PBXBuildFile; fileRef = B7B59BDC2497E4E8004CA137 /* ResourceView.swift */; };
		B7B59BE02497E532004CA137 /* ResourceCell.swift in Sources */ = {isa = PBXBuildFile; fileRef = B7B59BDF2497E532004CA137 /* ResourceCell.swift */; };
		B7B59BE12497E532004CA137 /* ResourceCell.swift in Sources */ = {isa = PBXBuildFile; fileRef = B7B59BDF2497E532004CA137 /* ResourceCell.swift */; };
		B7B59BE32497E8C9004CA137 /* ResourceModel.swift in Sources */ = {isa = PBXBuildFile; fileRef = B7B59BE22497E8C9004CA137 /* ResourceModel.swift */; };
		B7B59BE42497E8C9004CA137 /* ResourceModel.swift in Sources */ = {isa = PBXBuildFile; fileRef = B7B59BE22497E8C9004CA137 /* ResourceModel.swift */; };
		B7BC816824993AAF00EB6A57 /* ARAnimation.json in Resources */ = {isa = PBXBuildFile; fileRef = B7BC816724993AAF00EB6A57 /* ARAnimation.json */; };
		B7BC816924993AAF00EB6A57 /* ARAnimation.json in Resources */ = {isa = PBXBuildFile; fileRef = B7BC816724993AAF00EB6A57 /* ARAnimation.json */; };
		B7C49F8524A29ABC00D07683 /* IcebergPan3.mov in Resources */ = {isa = PBXBuildFile; fileRef = B7C49F8324A29ABA00D07683 /* IcebergPan3.mov */; };
		B7C49F8624A29ABC00D07683 /* IcebergPan3.mov in Resources */ = {isa = PBXBuildFile; fileRef = B7C49F8324A29ABA00D07683 /* IcebergPan3.mov */; };
		B7C49F8724A29ABC00D07683 /* coastPan.mov in Resources */ = {isa = PBXBuildFile; fileRef = B7C49F8424A29ABC00D07683 /* coastPan.mov */; };
		B7C49F8824A29ABC00D07683 /* coastPan.mov in Resources */ = {isa = PBXBuildFile; fileRef = B7C49F8424A29ABC00D07683 /* coastPan.mov */; };
		C40F2CD32490123800AA1756 /* AppDelegate.swift in Sources */ = {isa = PBXBuildFile; fileRef = C40F2CD22490123800AA1756 /* AppDelegate.swift */; };
		C40F2CD52490123800AA1756 /* SceneDelegate.swift in Sources */ = {isa = PBXBuildFile; fileRef = C40F2CD42490123800AA1756 /* SceneDelegate.swift */; };
		C40F2CD72490123800AA1756 /* TestARController.swift in Sources */ = {isa = PBXBuildFile; fileRef = C40F2CD62490123800AA1756 /* TestARController.swift */; };
		C40F2CDA2490123800AA1756 /* Main.storyboard in Resources */ = {isa = PBXBuildFile; fileRef = C40F2CD82490123800AA1756 /* Main.storyboard */; };
		C40F2CDC2490123A00AA1756 /* Assets.xcassets in Resources */ = {isa = PBXBuildFile; fileRef = C40F2CDB2490123A00AA1756 /* Assets.xcassets */; };
		C40F2CDF2490123A00AA1756 /* LaunchScreen.storyboard in Resources */ = {isa = PBXBuildFile; fileRef = C40F2CDD2490123A00AA1756 /* LaunchScreen.storyboard */; };
		C40F2CE42490124F00AA1756 /* WelcomeController.swift in Sources */ = {isa = PBXBuildFile; fileRef = C4E97908247DE48A0039B398 /* WelcomeController.swift */; };
		C40F2CE52490125200AA1756 /* OnboardingController.swift in Sources */ = {isa = PBXBuildFile; fileRef = C463925824847AA200DDB4DE /* OnboardingController.swift */; };
		C40F2CE62490125400AA1756 /* ThirdOnboardingController.swift in Sources */ = {isa = PBXBuildFile; fileRef = C463926024847EE800DDB4DE /* ThirdOnboardingController.swift */; };
		C40F2CE72490125800AA1756 /* FourthOnboardingController.swift in Sources */ = {isa = PBXBuildFile; fileRef = C463926224847EF800DDB4DE /* FourthOnboardingController.swift */; };
		C40F2CE82490125A00AA1756 /* FifthOnboardingController.swift in Sources */ = {isa = PBXBuildFile; fileRef = C463926424847F0B00DDB4DE /* FifthOnboardingController.swift */; };
		C40F2CEA2490126000AA1756 /* LocationDetailVC.swift in Sources */ = {isa = PBXBuildFile; fileRef = 0289F8FB247DB981008D3910 /* LocationDetailVC.swift */; };
		C40F2CEB2490126300AA1756 /* LocationsViewController.swift in Sources */ = {isa = PBXBuildFile; fileRef = B7A4588B247F10A1001F8E51 /* LocationsViewController.swift */; };
		C40F2CEC2490126500AA1756 /* LocationDetailController.swift in Sources */ = {isa = PBXBuildFile; fileRef = 028423722489C8D1000C1A9B /* LocationDetailController.swift */; };
		C40F2CED2490126800AA1756 /* GlobalConstants.swift in Sources */ = {isa = PBXBuildFile; fileRef = C48EBCC824884626001DB0A3 /* GlobalConstants.swift */; };
		C40F2CEE2490126B00AA1756 /* FactsData.swift in Sources */ = {isa = PBXBuildFile; fileRef = 0285857A2483063A0003E31A /* FactsData.swift */; };
		C40F2CEF2490126E00AA1756 /* locationFactsData.json in Resources */ = {isa = PBXBuildFile; fileRef = 02858578248305410003E31A /* locationFactsData.json */; };
		C40F2CF02490127500AA1756 /* TestView.swift in Sources */ = {isa = PBXBuildFile; fileRef = C48EBCC2248808D9001DB0A3 /* TestView.swift */; };
		C40F2CF12490127700AA1756 /* WavyView.swift in Sources */ = {isa = PBXBuildFile; fileRef = 0285857E2485970E0003E31A /* WavyView.swift */; };
		C40F2CF22490127D00AA1756 /* WavyView2.swift in Sources */ = {isa = PBXBuildFile; fileRef = 0B35424B2488000600AAB02C /* WavyView2.swift */; };
		C40F2CF32490128000AA1756 /* ARCoastView.swift in Sources */ = {isa = PBXBuildFile; fileRef = 0B09F373247EF4B4001E17F0 /* ARCoastView.swift */; };
		C40F2CF42490128300AA1756 /* LocationDetailView.swift in Sources */ = {isa = PBXBuildFile; fileRef = 0289F8F9247DB933008D3910 /* LocationDetailView.swift */; };
		C40F2CF52490128500AA1756 /* LocationsView.swift in Sources */ = {isa = PBXBuildFile; fileRef = B7A4588D247F10BE001F8E51 /* LocationsView.swift */; };
		C40F2CF62490128800AA1756 /* DetailView.swift in Sources */ = {isa = PBXBuildFile; fileRef = 028423742489C984000C1A9B /* DetailView.swift */; };
		C40F2CF72490128A00AA1756 /* LocationReusableView.swift in Sources */ = {isa = PBXBuildFile; fileRef = 0BCDFFB92485376A007A94BF /* LocationReusableView.swift */; };
		C40F2CF82490128E00AA1756 /* ContentCell.swift in Sources */ = {isa = PBXBuildFile; fileRef = 028423762489E617000C1A9B /* ContentCell.swift */; };
		C40F2CF92490129100AA1756 /* GraphCell.swift in Sources */ = {isa = PBXBuildFile; fileRef = 02F53F03248AA7E200227C62 /* GraphCell.swift */; };
		C40F2CFA2490129300AA1756 /* PieChartCell.swift in Sources */ = {isa = PBXBuildFile; fileRef = 02F53F11248AF87600227C62 /* PieChartCell.swift */; };
		C40F2CFB2490129500AA1756 /* ARCell.swift in Sources */ = {isa = PBXBuildFile; fileRef = 024035D3248D8B7800C7F7B2 /* ARCell.swift */; };
		C40F2CFC2490129800AA1756 /* LocationCell.swift in Sources */ = {isa = PBXBuildFile; fileRef = 0BCDFFB7248534B1007A94BF /* LocationCell.swift */; };
		C40F2CFD2490129A00AA1756 /* LocationIntroCell.swift in Sources */ = {isa = PBXBuildFile; fileRef = 0BCDFFBB24856588007A94BF /* LocationIntroCell.swift */; };
		C40F2CFE2490129E00AA1756 /* UIViewController+resetWindow.swift in Sources */ = {isa = PBXBuildFile; fileRef = C44314B6248564E4008A59D9 /* UIViewController+resetWindow.swift */; };
		C40F2CFF249012A100AA1756 /* NSUIColor+Hex.swift in Sources */ = {isa = PBXBuildFile; fileRef = 028585822485B9660003E31A /* NSUIColor+Hex.swift */; };
		C40F2D01249012A700AA1756 /* UIButton+Extension.swift in Sources */ = {isa = PBXBuildFile; fileRef = 02F53F05248AAB3C00227C62 /* UIButton+Extension.swift */; };
		C40F2D06249012E400AA1756 /* CooperHewitt-Thin.otf in Resources */ = {isa = PBXBuildFile; fileRef = C48EBCD1248846C6001DB0A3 /* CooperHewitt-Thin.otf */; };
		C40F2D07249012E400AA1756 /* CooperHewitt-SemiboldItalic.otf in Resources */ = {isa = PBXBuildFile; fileRef = C48EBCD2248846C6001DB0A3 /* CooperHewitt-SemiboldItalic.otf */; };
		C40F2D08249012E400AA1756 /* SIL Open Font License.txt in Resources */ = {isa = PBXBuildFile; fileRef = C48EBCD3248846C6001DB0A3 /* SIL Open Font License.txt */; };
		C40F2D09249012E400AA1756 /* CooperHewitt-Bold.otf in Resources */ = {isa = PBXBuildFile; fileRef = C48EBCD4248846C6001DB0A3 /* CooperHewitt-Bold.otf */; };
		C40F2D0A249012E400AA1756 /* CooperHewitt-BoldItalic.otf in Resources */ = {isa = PBXBuildFile; fileRef = C48EBCD5248846C6001DB0A3 /* CooperHewitt-BoldItalic.otf */; };
		C40F2D0B249012E400AA1756 /* CooperHewitt-ThinItalic.otf in Resources */ = {isa = PBXBuildFile; fileRef = C48EBCD6248846C6001DB0A3 /* CooperHewitt-ThinItalic.otf */; };
		C40F2D0C249012E400AA1756 /* CooperHewitt-Book.otf in Resources */ = {isa = PBXBuildFile; fileRef = C48EBCD7248846C6001DB0A3 /* CooperHewitt-Book.otf */; };
		C40F2D0D249012E400AA1756 /* CooperHewitt-BookItalic.otf in Resources */ = {isa = PBXBuildFile; fileRef = C48EBCD8248846C6001DB0A3 /* CooperHewitt-BookItalic.otf */; };
		C40F2D0E249012E400AA1756 /* CooperHewitt-Medium.otf in Resources */ = {isa = PBXBuildFile; fileRef = C48EBCD9248846C6001DB0A3 /* CooperHewitt-Medium.otf */; };
		C40F2D0F249012E400AA1756 /* CooperHewitt-LightItalic.otf in Resources */ = {isa = PBXBuildFile; fileRef = C48EBCDA248846C6001DB0A3 /* CooperHewitt-LightItalic.otf */; };
		C40F2D10249012E400AA1756 /* CooperHewitt-HeavyItalic.otf in Resources */ = {isa = PBXBuildFile; fileRef = C48EBCDB248846C6001DB0A3 /* CooperHewitt-HeavyItalic.otf */; };
		C40F2D11249012E400AA1756 /* CooperHewitt-Heavy.otf in Resources */ = {isa = PBXBuildFile; fileRef = C48EBCDC248846C6001DB0A3 /* CooperHewitt-Heavy.otf */; };
		C40F2D12249012E400AA1756 /* CooperHewitt-Light.otf in Resources */ = {isa = PBXBuildFile; fileRef = C48EBCDD248846C6001DB0A3 /* CooperHewitt-Light.otf */; };
		C40F2D13249012E400AA1756 /* CooperHewitt-MediumItalic.otf in Resources */ = {isa = PBXBuildFile; fileRef = C48EBCDE248846C6001DB0A3 /* CooperHewitt-MediumItalic.otf */; };
		C40F2D14249012E400AA1756 /* CooperHewitt-Semibold.otf in Resources */ = {isa = PBXBuildFile; fileRef = C48EBCDF248846C6001DB0A3 /* CooperHewitt-Semibold.otf */; };
		C40F2D1A2490157200AA1756 /* FirstOnboardingView.swift in Sources */ = {isa = PBXBuildFile; fileRef = 02B9AC9F248ED2ED0037971E /* FirstOnboardingView.swift */; };
		C40F2D1B2490157200AA1756 /* SecondOnboardingView.swift in Sources */ = {isa = PBXBuildFile; fileRef = C463925624847A8F00DDB4DE /* SecondOnboardingView.swift */; };
		C40F2D1C2490157200AA1756 /* ThirdOnboardingView.swift in Sources */ = {isa = PBXBuildFile; fileRef = C463925A24847EB900DDB4DE /* ThirdOnboardingView.swift */; };
		C40F2D1D2490157200AA1756 /* FourthOnboardingView.swift in Sources */ = {isa = PBXBuildFile; fileRef = C463925C24847EC900DDB4DE /* FourthOnboardingView.swift */; };
		C40F2D1E2490157200AA1756 /* FifthOnboardingView.swift in Sources */ = {isa = PBXBuildFile; fileRef = C463925E24847ED600DDB4DE /* FifthOnboardingView.swift */; };
		C40F2D1F2490168500AA1756 /* ARViewController.swift in Sources */ = {isa = PBXBuildFile; fileRef = 0B09F371247EF49F001E17F0 /* ARViewController.swift */; };
		C40F2D212490171F00AA1756 /* TestARView.swift in Sources */ = {isa = PBXBuildFile; fileRef = C40F2D202490171F00AA1756 /* TestARView.swift */; };
		C44314B7248564E4008A59D9 /* UIViewController+resetWindow.swift in Sources */ = {isa = PBXBuildFile; fileRef = C44314B6248564E4008A59D9 /* UIViewController+resetWindow.swift */; };
		C45DDA8A24A14988002E5C40 /* UIView+AddAccessibility.swift in Sources */ = {isa = PBXBuildFile; fileRef = C45DDA8924A14988002E5C40 /* UIView+AddAccessibility.swift */; };
		C45DDA8B24A14988002E5C40 /* UIView+AddAccessibility.swift in Sources */ = {isa = PBXBuildFile; fileRef = C45DDA8924A14988002E5C40 /* UIView+AddAccessibility.swift */; };
		C463925724847A8F00DDB4DE /* SecondOnboardingView.swift in Sources */ = {isa = PBXBuildFile; fileRef = C463925624847A8F00DDB4DE /* SecondOnboardingView.swift */; };
		C463925924847AA200DDB4DE /* OnboardingController.swift in Sources */ = {isa = PBXBuildFile; fileRef = C463925824847AA200DDB4DE /* OnboardingController.swift */; };
		C463925B24847EB900DDB4DE /* ThirdOnboardingView.swift in Sources */ = {isa = PBXBuildFile; fileRef = C463925A24847EB900DDB4DE /* ThirdOnboardingView.swift */; };
		C463925D24847EC900DDB4DE /* FourthOnboardingView.swift in Sources */ = {isa = PBXBuildFile; fileRef = C463925C24847EC900DDB4DE /* FourthOnboardingView.swift */; };
		C463925F24847ED600DDB4DE /* FifthOnboardingView.swift in Sources */ = {isa = PBXBuildFile; fileRef = C463925E24847ED600DDB4DE /* FifthOnboardingView.swift */; };
		C463926124847EE800DDB4DE /* ThirdOnboardingController.swift in Sources */ = {isa = PBXBuildFile; fileRef = C463926024847EE800DDB4DE /* ThirdOnboardingController.swift */; };
		C463926324847EF800DDB4DE /* FourthOnboardingController.swift in Sources */ = {isa = PBXBuildFile; fileRef = C463926224847EF800DDB4DE /* FourthOnboardingController.swift */; };
		C463926524847F0B00DDB4DE /* FifthOnboardingController.swift in Sources */ = {isa = PBXBuildFile; fileRef = C463926424847F0B00DDB4DE /* FifthOnboardingController.swift */; };
		C48EBCC3248808D9001DB0A3 /* TestView.swift in Sources */ = {isa = PBXBuildFile; fileRef = C48EBCC2248808D9001DB0A3 /* TestView.swift */; };
		C48EBCCB24884626001DB0A3 /* Assets.xcassets in Resources */ = {isa = PBXBuildFile; fileRef = C48EBCC524884626001DB0A3 /* Assets.xcassets */; };
		C48EBCCC24884626001DB0A3 /* LaunchScreen.storyboard in Resources */ = {isa = PBXBuildFile; fileRef = C48EBCC624884626001DB0A3 /* LaunchScreen.storyboard */; };
		C48EBCCD24884626001DB0A3 /* GlobalConstants.swift in Sources */ = {isa = PBXBuildFile; fileRef = C48EBCC824884626001DB0A3 /* GlobalConstants.swift */; };
		C48EBCCE24884626001DB0A3 /* AppDelegate.swift in Sources */ = {isa = PBXBuildFile; fileRef = C48EBCC924884626001DB0A3 /* AppDelegate.swift */; };
		C48EBCCF24884626001DB0A3 /* SceneDelegate.swift in Sources */ = {isa = PBXBuildFile; fileRef = C48EBCCA24884626001DB0A3 /* SceneDelegate.swift */; };
		C48EBCE0248846C6001DB0A3 /* CooperHewitt-Thin.otf in Resources */ = {isa = PBXBuildFile; fileRef = C48EBCD1248846C6001DB0A3 /* CooperHewitt-Thin.otf */; };
		C48EBCE1248846C6001DB0A3 /* CooperHewitt-SemiboldItalic.otf in Resources */ = {isa = PBXBuildFile; fileRef = C48EBCD2248846C6001DB0A3 /* CooperHewitt-SemiboldItalic.otf */; };
		C48EBCE2248846C6001DB0A3 /* SIL Open Font License.txt in Resources */ = {isa = PBXBuildFile; fileRef = C48EBCD3248846C6001DB0A3 /* SIL Open Font License.txt */; };
		C48EBCE3248846C6001DB0A3 /* CooperHewitt-Bold.otf in Resources */ = {isa = PBXBuildFile; fileRef = C48EBCD4248846C6001DB0A3 /* CooperHewitt-Bold.otf */; };
		C48EBCE4248846C6001DB0A3 /* CooperHewitt-BoldItalic.otf in Resources */ = {isa = PBXBuildFile; fileRef = C48EBCD5248846C6001DB0A3 /* CooperHewitt-BoldItalic.otf */; };
		C48EBCE5248846C6001DB0A3 /* CooperHewitt-ThinItalic.otf in Resources */ = {isa = PBXBuildFile; fileRef = C48EBCD6248846C6001DB0A3 /* CooperHewitt-ThinItalic.otf */; };
		C48EBCE6248846C6001DB0A3 /* CooperHewitt-Book.otf in Resources */ = {isa = PBXBuildFile; fileRef = C48EBCD7248846C6001DB0A3 /* CooperHewitt-Book.otf */; };
		C48EBCE7248846C6001DB0A3 /* CooperHewitt-BookItalic.otf in Resources */ = {isa = PBXBuildFile; fileRef = C48EBCD8248846C6001DB0A3 /* CooperHewitt-BookItalic.otf */; };
		C48EBCE8248846C6001DB0A3 /* CooperHewitt-Medium.otf in Resources */ = {isa = PBXBuildFile; fileRef = C48EBCD9248846C6001DB0A3 /* CooperHewitt-Medium.otf */; };
		C48EBCE9248846C6001DB0A3 /* CooperHewitt-LightItalic.otf in Resources */ = {isa = PBXBuildFile; fileRef = C48EBCDA248846C6001DB0A3 /* CooperHewitt-LightItalic.otf */; };
		C48EBCEA248846C6001DB0A3 /* CooperHewitt-HeavyItalic.otf in Resources */ = {isa = PBXBuildFile; fileRef = C48EBCDB248846C6001DB0A3 /* CooperHewitt-HeavyItalic.otf */; };
		C48EBCEB248846C6001DB0A3 /* CooperHewitt-Heavy.otf in Resources */ = {isa = PBXBuildFile; fileRef = C48EBCDC248846C6001DB0A3 /* CooperHewitt-Heavy.otf */; };
		C48EBCEC248846C6001DB0A3 /* CooperHewitt-Light.otf in Resources */ = {isa = PBXBuildFile; fileRef = C48EBCDD248846C6001DB0A3 /* CooperHewitt-Light.otf */; };
		C48EBCED248846C6001DB0A3 /* CooperHewitt-MediumItalic.otf in Resources */ = {isa = PBXBuildFile; fileRef = C48EBCDE248846C6001DB0A3 /* CooperHewitt-MediumItalic.otf */; };
		C48EBCEE248846C6001DB0A3 /* CooperHewitt-Semibold.otf in Resources */ = {isa = PBXBuildFile; fileRef = C48EBCDF248846C6001DB0A3 /* CooperHewitt-Semibold.otf */; };
		C4C4D89724B76AE60023C5EB /* UIViewController+makeAlert.swift in Sources */ = {isa = PBXBuildFile; fileRef = C4C4D89624B76AE60023C5EB /* UIViewController+makeAlert.swift */; };
		C4C4D89824B76D140023C5EB /* UIViewController+makeAlert.swift in Sources */ = {isa = PBXBuildFile; fileRef = C4C4D89624B76AE60023C5EB /* UIViewController+makeAlert.swift */; };
		C4CFF34C249AC87C00777962 /* PageController.swift in Sources */ = {isa = PBXBuildFile; fileRef = C4CFF34B249AC87C00777962 /* PageController.swift */; };
		C4CFF34D249AC87C00777962 /* PageController.swift in Sources */ = {isa = PBXBuildFile; fileRef = C4CFF34B249AC87C00777962 /* PageController.swift */; };
		C4E97909247DE48A0039B398 /* WelcomeController.swift in Sources */ = {isa = PBXBuildFile; fileRef = C4E97908247DE48A0039B398 /* WelcomeController.swift */; };
/* End PBXBuildFile section */

/* Begin PBXFileReference section */
		0200C36224A6E69D00D94229 /* HandleYears.swift */ = {isa = PBXFileReference; lastKnownFileType = sourcecode.swift; path = HandleYears.swift; sourceTree = "<group>"; };
		024035D3248D8B7800C7F7B2 /* ARCell.swift */ = {isa = PBXFileReference; lastKnownFileType = sourcecode.swift; path = ARCell.swift; sourceTree = "<group>"; };
		02737071249C317100A10E7B /* simd+ext.swift */ = {isa = PBXFileReference; lastKnownFileType = sourcecode.swift; path = "simd+ext.swift"; sourceTree = "<group>"; };
		02737074249D22F300A10E7B /* TOCCell.swift */ = {isa = PBXFileReference; lastKnownFileType = sourcecode.swift; path = TOCCell.swift; sourceTree = "<group>"; };
		02737077249FB8AA00A10E7B /* UIAlertController+Extension.swift */ = {isa = PBXFileReference; lastKnownFileType = sourcecode.swift; path = "UIAlertController+Extension.swift"; sourceTree = "<group>"; };
		02737079249FBC2B00A10E7B /* GraphShowAlert.swift */ = {isa = PBXFileReference; lastKnownFileType = sourcecode.swift; path = GraphShowAlert.swift; sourceTree = "<group>"; };
		0273707D24A00D2C00A10E7B /* FactText.swift */ = {isa = PBXFileReference; lastKnownFileType = sourcecode.swift; path = FactText.swift; sourceTree = "<group>"; };
		0273708224A10BDE00A10E7B /* DropFlipRiseNYC.rcproject */ = {isa = PBXFileReference; lastKnownFileType = file.rcproject; path = DropFlipRiseNYC.rcproject; sourceTree = "<group>"; };
		028423722489C8D1000C1A9B /* LocationDetailController.swift */ = {isa = PBXFileReference; lastKnownFileType = sourcecode.swift; path = LocationDetailController.swift; sourceTree = "<group>"; };
		028423742489C984000C1A9B /* DetailView.swift */ = {isa = PBXFileReference; lastKnownFileType = sourcecode.swift; path = DetailView.swift; sourceTree = "<group>"; };
		028423762489E617000C1A9B /* ContentCell.swift */ = {isa = PBXFileReference; lastKnownFileType = sourcecode.swift; path = ContentCell.swift; sourceTree = "<group>"; };
		02858578248305410003E31A /* locationFactsData.json */ = {isa = PBXFileReference; fileEncoding = 4; lastKnownFileType = text.json; path = locationFactsData.json; sourceTree = "<group>"; };
		0285857A2483063A0003E31A /* FactsData.swift */ = {isa = PBXFileReference; lastKnownFileType = sourcecode.swift; path = FactsData.swift; sourceTree = "<group>"; };
		0285857E2485970E0003E31A /* WavyView.swift */ = {isa = PBXFileReference; lastKnownFileType = sourcecode.swift; path = WavyView.swift; sourceTree = "<group>"; };
		028585822485B9660003E31A /* NSUIColor+Hex.swift */ = {isa = PBXFileReference; lastKnownFileType = sourcecode.swift; path = "NSUIColor+Hex.swift"; sourceTree = "<group>"; };
		0289F8F9247DB933008D3910 /* LocationDetailView.swift */ = {isa = PBXFileReference; lastKnownFileType = sourcecode.swift; path = LocationDetailView.swift; sourceTree = "<group>"; };
		0289F8FB247DB981008D3910 /* LocationDetailVC.swift */ = {isa = PBXFileReference; lastKnownFileType = sourcecode.swift; path = LocationDetailVC.swift; sourceTree = "<group>"; };
		02AC5AA124996FCE00468145 /* SeaLevelComputations.swift */ = {isa = PBXFileReference; lastKnownFileType = sourcecode.swift; path = SeaLevelComputations.swift; sourceTree = "<group>"; };
		02B9AC9F248ED2ED0037971E /* FirstOnboardingView.swift */ = {isa = PBXFileReference; lastKnownFileType = sourcecode.swift; path = FirstOnboardingView.swift; sourceTree = "<group>"; };
		02C4D15624913FCE0095560B /* ExperimentARController.swift */ = {isa = PBXFileReference; lastKnownFileType = sourcecode.swift; path = ExperimentARController.swift; sourceTree = "<group>"; };
		02D2F71224A199EC005E89D6 /* arIconAnimation.json */ = {isa = PBXFileReference; fileEncoding = 4; lastKnownFileType = text.json; path = arIconAnimation.json; sourceTree = "<group>"; };
		02F53F03248AA7E200227C62 /* GraphCell.swift */ = {isa = PBXFileReference; lastKnownFileType = sourcecode.swift; path = GraphCell.swift; sourceTree = "<group>"; };
		02F53F05248AAB3C00227C62 /* UIButton+Extension.swift */ = {isa = PBXFileReference; lastKnownFileType = sourcecode.swift; path = "UIButton+Extension.swift"; sourceTree = "<group>"; };
		02F53F11248AF87600227C62 /* PieChartCell.swift */ = {isa = PBXFileReference; lastKnownFileType = sourcecode.swift; path = PieChartCell.swift; sourceTree = "<group>"; };
		0642E2B8B8A6CC829C97600A /* Pods-TestFeatureTarget.release.xcconfig */ = {isa = PBXFileReference; includeInIndex = 1; lastKnownFileType = text.xcconfig; name = "Pods-TestFeatureTarget.release.xcconfig"; path = "Target Support Files/Pods-TestFeatureTarget/Pods-TestFeatureTarget.release.xcconfig"; sourceTree = "<group>"; };
		0B09F371247EF49F001E17F0 /* ARViewController.swift */ = {isa = PBXFileReference; lastKnownFileType = sourcecode.swift; name = ARViewController.swift; path = Coastlines/ARViewController.swift; sourceTree = SOURCE_ROOT; };
		0B09F373247EF4B4001E17F0 /* ARCoastView.swift */ = {isa = PBXFileReference; lastKnownFileType = sourcecode.swift; name = ARCoastView.swift; path = Coastlines/ARCoastView.swift; sourceTree = SOURCE_ROOT; };
		0B1A9ED5249BB0D3008477C6 /* CityLights.swift */ = {isa = PBXFileReference; lastKnownFileType = sourcecode.swift; path = CityLights.swift; sourceTree = "<group>"; };
		0B1F21382476DEC300729365 /* Coastlines.app */ = {isa = PBXFileReference; explicitFileType = wrapper.application; includeInIndex = 0; path = Coastlines.app; sourceTree = BUILT_PRODUCTS_DIR; };
		0B1F21492476DECA00729365 /* Info.plist */ = {isa = PBXFileReference; lastKnownFileType = text.plist.xml; path = Info.plist; sourceTree = "<group>"; };
		0B2AA89D2497BC4300789B34 /* ExperimentARController+ARCoachingOverlay.swift */ = {isa = PBXFileReference; lastKnownFileType = sourcecode.swift; path = "ExperimentARController+ARCoachingOverlay.swift"; sourceTree = "<group>"; };
		0B35424B2488000600AAB02C /* WavyView2.swift */ = {isa = PBXFileReference; lastKnownFileType = sourcecode.swift; path = WavyView2.swift; sourceTree = "<group>"; };
		0BCDFFB7248534B1007A94BF /* LocationCell.swift */ = {isa = PBXFileReference; lastKnownFileType = sourcecode.swift; path = LocationCell.swift; sourceTree = "<group>"; };
		0BCDFFB92485376A007A94BF /* LocationReusableView.swift */ = {isa = PBXFileReference; lastKnownFileType = sourcecode.swift; path = LocationReusableView.swift; sourceTree = "<group>"; };
		0BCDFFBB24856588007A94BF /* LocationIntroCell.swift */ = {isa = PBXFileReference; lastKnownFileType = sourcecode.swift; path = LocationIntroCell.swift; sourceTree = "<group>"; };
		3E4C564036176640CEBB70C2 /* Pods-TestFeatureTarget.debug.xcconfig */ = {isa = PBXFileReference; includeInIndex = 1; lastKnownFileType = text.xcconfig; name = "Pods-TestFeatureTarget.debug.xcconfig"; path = "Target Support Files/Pods-TestFeatureTarget/Pods-TestFeatureTarget.debug.xcconfig"; sourceTree = "<group>"; };
		90B7802E35291B5353608B3B /* Pods-Coastlines.debug.xcconfig */ = {isa = PBXFileReference; includeInIndex = 1; lastKnownFileType = text.xcconfig; name = "Pods-Coastlines.debug.xcconfig"; path = "Target Support Files/Pods-Coastlines/Pods-Coastlines.debug.xcconfig"; sourceTree = "<group>"; };
		93B9E8FE61F7AAE1A1CB365C /* Pods_TestFeatureTarget.framework */ = {isa = PBXFileReference; explicitFileType = wrapper.framework; includeInIndex = 0; path = Pods_TestFeatureTarget.framework; sourceTree = BUILT_PRODUCTS_DIR; };
		B724305424A14E2400EF211F /* IcebergPan.mov */ = {isa = PBXFileReference; lastKnownFileType = video.quicktime; path = IcebergPan.mov; sourceTree = "<group>"; };
		B724305724A1665B00EF211F /* IcebergPan2.mov */ = {isa = PBXFileReference; lastKnownFileType = video.quicktime; path = IcebergPan2.mov; sourceTree = "<group>"; };
		B7A4588B247F10A1001F8E51 /* LocationsViewController.swift */ = {isa = PBXFileReference; lastKnownFileType = sourcecode.swift; path = LocationsViewController.swift; sourceTree = "<group>"; };
		B7A4588D247F10BE001F8E51 /* LocationsView.swift */ = {isa = PBXFileReference; lastKnownFileType = sourcecode.swift; path = LocationsView.swift; sourceTree = "<group>"; };
		B7B59BDA2497E4A0004CA137 /* ResourcesController.swift */ = {isa = PBXFileReference; lastKnownFileType = sourcecode.swift; path = ResourcesController.swift; sourceTree = "<group>"; };
		B7B59BDC2497E4E8004CA137 /* ResourceView.swift */ = {isa = PBXFileReference; lastKnownFileType = sourcecode.swift; path = ResourceView.swift; sourceTree = "<group>"; };
		B7B59BDF2497E532004CA137 /* ResourceCell.swift */ = {isa = PBXFileReference; lastKnownFileType = sourcecode.swift; path = ResourceCell.swift; sourceTree = "<group>"; };
		B7B59BE22497E8C9004CA137 /* ResourceModel.swift */ = {isa = PBXFileReference; lastKnownFileType = sourcecode.swift; path = ResourceModel.swift; sourceTree = "<group>"; };
		B7BC816724993AAF00EB6A57 /* ARAnimation.json */ = {isa = PBXFileReference; fileEncoding = 4; lastKnownFileType = text.json; path = ARAnimation.json; sourceTree = "<group>"; };
		B7C49F8324A29ABA00D07683 /* IcebergPan3.mov */ = {isa = PBXFileReference; lastKnownFileType = video.quicktime; path = IcebergPan3.mov; sourceTree = "<group>"; };
		B7C49F8424A29ABC00D07683 /* coastPan.mov */ = {isa = PBXFileReference; lastKnownFileType = video.quicktime; path = coastPan.mov; sourceTree = "<group>"; };
		C40F2CD02490123800AA1756 /* Coasts.app */ = {isa = PBXFileReference; explicitFileType = wrapper.application; includeInIndex = 0; path = Coasts.app; sourceTree = BUILT_PRODUCTS_DIR; };
		C40F2CD22490123800AA1756 /* AppDelegate.swift */ = {isa = PBXFileReference; lastKnownFileType = sourcecode.swift; path = AppDelegate.swift; sourceTree = "<group>"; };
		C40F2CD42490123800AA1756 /* SceneDelegate.swift */ = {isa = PBXFileReference; lastKnownFileType = sourcecode.swift; path = SceneDelegate.swift; sourceTree = "<group>"; };
		C40F2CD62490123800AA1756 /* TestARController.swift */ = {isa = PBXFileReference; lastKnownFileType = sourcecode.swift; path = TestARController.swift; sourceTree = "<group>"; };
		C40F2CD92490123800AA1756 /* Base */ = {isa = PBXFileReference; lastKnownFileType = file.storyboard; name = Base; path = Base.lproj/Main.storyboard; sourceTree = "<group>"; };
		C40F2CDB2490123A00AA1756 /* Assets.xcassets */ = {isa = PBXFileReference; lastKnownFileType = folder.assetcatalog; path = Assets.xcassets; sourceTree = "<group>"; };
		C40F2CDE2490123A00AA1756 /* Base */ = {isa = PBXFileReference; lastKnownFileType = file.storyboard; name = Base; path = Base.lproj/LaunchScreen.storyboard; sourceTree = "<group>"; };
		C40F2CE02490123A00AA1756 /* Info.plist */ = {isa = PBXFileReference; lastKnownFileType = text.plist.xml; path = Info.plist; sourceTree = "<group>"; };
		C40F2D202490171F00AA1756 /* TestARView.swift */ = {isa = PBXFileReference; lastKnownFileType = sourcecode.swift; path = TestARView.swift; sourceTree = "<group>"; };
		C44314B6248564E4008A59D9 /* UIViewController+resetWindow.swift */ = {isa = PBXFileReference; lastKnownFileType = sourcecode.swift; name = "UIViewController+resetWindow.swift"; path = "Coastlines/UIViewController+resetWindow.swift"; sourceTree = SOURCE_ROOT; };
		C45DDA8924A14988002E5C40 /* UIView+AddAccessibility.swift */ = {isa = PBXFileReference; lastKnownFileType = sourcecode.swift; path = "UIView+AddAccessibility.swift"; sourceTree = "<group>"; };
		C463925624847A8F00DDB4DE /* SecondOnboardingView.swift */ = {isa = PBXFileReference; lastKnownFileType = sourcecode.swift; path = SecondOnboardingView.swift; sourceTree = "<group>"; };
		C463925824847AA200DDB4DE /* OnboardingController.swift */ = {isa = PBXFileReference; lastKnownFileType = sourcecode.swift; path = OnboardingController.swift; sourceTree = "<group>"; };
		C463925A24847EB900DDB4DE /* ThirdOnboardingView.swift */ = {isa = PBXFileReference; lastKnownFileType = sourcecode.swift; path = ThirdOnboardingView.swift; sourceTree = "<group>"; };
		C463925C24847EC900DDB4DE /* FourthOnboardingView.swift */ = {isa = PBXFileReference; lastKnownFileType = sourcecode.swift; path = FourthOnboardingView.swift; sourceTree = "<group>"; };
		C463925E24847ED600DDB4DE /* FifthOnboardingView.swift */ = {isa = PBXFileReference; lastKnownFileType = sourcecode.swift; path = FifthOnboardingView.swift; sourceTree = "<group>"; };
		C463926024847EE800DDB4DE /* ThirdOnboardingController.swift */ = {isa = PBXFileReference; lastKnownFileType = sourcecode.swift; path = ThirdOnboardingController.swift; sourceTree = "<group>"; };
		C463926224847EF800DDB4DE /* FourthOnboardingController.swift */ = {isa = PBXFileReference; lastKnownFileType = sourcecode.swift; path = FourthOnboardingController.swift; sourceTree = "<group>"; };
		C463926424847F0B00DDB4DE /* FifthOnboardingController.swift */ = {isa = PBXFileReference; lastKnownFileType = sourcecode.swift; path = FifthOnboardingController.swift; sourceTree = "<group>"; };
		C48EBCC2248808D9001DB0A3 /* TestView.swift */ = {isa = PBXFileReference; lastKnownFileType = sourcecode.swift; path = TestView.swift; sourceTree = "<group>"; };
		C48EBCC524884626001DB0A3 /* Assets.xcassets */ = {isa = PBXFileReference; lastKnownFileType = folder.assetcatalog; path = Assets.xcassets; sourceTree = "<group>"; };
		C48EBCC724884626001DB0A3 /* Base */ = {isa = PBXFileReference; lastKnownFileType = file.storyboard; name = Base; path = Base.lproj/LaunchScreen.storyboard; sourceTree = "<group>"; };
		C48EBCC824884626001DB0A3 /* GlobalConstants.swift */ = {isa = PBXFileReference; fileEncoding = 4; lastKnownFileType = sourcecode.swift; path = GlobalConstants.swift; sourceTree = "<group>"; };
		C48EBCC924884626001DB0A3 /* AppDelegate.swift */ = {isa = PBXFileReference; fileEncoding = 4; lastKnownFileType = sourcecode.swift; path = AppDelegate.swift; sourceTree = "<group>"; };
		C48EBCCA24884626001DB0A3 /* SceneDelegate.swift */ = {isa = PBXFileReference; fileEncoding = 4; lastKnownFileType = sourcecode.swift; path = SceneDelegate.swift; sourceTree = "<group>"; };
		C48EBCD1248846C6001DB0A3 /* CooperHewitt-Thin.otf */ = {isa = PBXFileReference; lastKnownFileType = file; path = "CooperHewitt-Thin.otf"; sourceTree = "<group>"; };
		C48EBCD2248846C6001DB0A3 /* CooperHewitt-SemiboldItalic.otf */ = {isa = PBXFileReference; lastKnownFileType = file; path = "CooperHewitt-SemiboldItalic.otf"; sourceTree = "<group>"; };
		C48EBCD3248846C6001DB0A3 /* SIL Open Font License.txt */ = {isa = PBXFileReference; fileEncoding = 4; lastKnownFileType = text; path = "SIL Open Font License.txt"; sourceTree = "<group>"; };
		C48EBCD4248846C6001DB0A3 /* CooperHewitt-Bold.otf */ = {isa = PBXFileReference; lastKnownFileType = file; path = "CooperHewitt-Bold.otf"; sourceTree = "<group>"; };
		C48EBCD5248846C6001DB0A3 /* CooperHewitt-BoldItalic.otf */ = {isa = PBXFileReference; lastKnownFileType = file; path = "CooperHewitt-BoldItalic.otf"; sourceTree = "<group>"; };
		C48EBCD6248846C6001DB0A3 /* CooperHewitt-ThinItalic.otf */ = {isa = PBXFileReference; lastKnownFileType = file; path = "CooperHewitt-ThinItalic.otf"; sourceTree = "<group>"; };
		C48EBCD7248846C6001DB0A3 /* CooperHewitt-Book.otf */ = {isa = PBXFileReference; lastKnownFileType = file; path = "CooperHewitt-Book.otf"; sourceTree = "<group>"; };
		C48EBCD8248846C6001DB0A3 /* CooperHewitt-BookItalic.otf */ = {isa = PBXFileReference; lastKnownFileType = file; path = "CooperHewitt-BookItalic.otf"; sourceTree = "<group>"; };
		C48EBCD9248846C6001DB0A3 /* CooperHewitt-Medium.otf */ = {isa = PBXFileReference; lastKnownFileType = file; path = "CooperHewitt-Medium.otf"; sourceTree = "<group>"; };
		C48EBCDA248846C6001DB0A3 /* CooperHewitt-LightItalic.otf */ = {isa = PBXFileReference; lastKnownFileType = file; path = "CooperHewitt-LightItalic.otf"; sourceTree = "<group>"; };
		C48EBCDB248846C6001DB0A3 /* CooperHewitt-HeavyItalic.otf */ = {isa = PBXFileReference; lastKnownFileType = file; path = "CooperHewitt-HeavyItalic.otf"; sourceTree = "<group>"; };
		C48EBCDC248846C6001DB0A3 /* CooperHewitt-Heavy.otf */ = {isa = PBXFileReference; lastKnownFileType = file; path = "CooperHewitt-Heavy.otf"; sourceTree = "<group>"; };
		C48EBCDD248846C6001DB0A3 /* CooperHewitt-Light.otf */ = {isa = PBXFileReference; lastKnownFileType = file; path = "CooperHewitt-Light.otf"; sourceTree = "<group>"; };
		C48EBCDE248846C6001DB0A3 /* CooperHewitt-MediumItalic.otf */ = {isa = PBXFileReference; lastKnownFileType = file; path = "CooperHewitt-MediumItalic.otf"; sourceTree = "<group>"; };
		C48EBCDF248846C6001DB0A3 /* CooperHewitt-Semibold.otf */ = {isa = PBXFileReference; lastKnownFileType = file; path = "CooperHewitt-Semibold.otf"; sourceTree = "<group>"; };
		C4C4D89624B76AE60023C5EB /* UIViewController+makeAlert.swift */ = {isa = PBXFileReference; lastKnownFileType = sourcecode.swift; path = "UIViewController+makeAlert.swift"; sourceTree = "<group>"; };
		C4CFF34B249AC87C00777962 /* PageController.swift */ = {isa = PBXFileReference; lastKnownFileType = sourcecode.swift; path = PageController.swift; sourceTree = "<group>"; };
		C4E97908247DE48A0039B398 /* WelcomeController.swift */ = {isa = PBXFileReference; lastKnownFileType = sourcecode.swift; name = WelcomeController.swift; path = ../WelcomeController.swift; sourceTree = "<group>"; };
		CEE5A3A6EC95A87BAEBAA85A /* Pods-Coastlines.release.xcconfig */ = {isa = PBXFileReference; includeInIndex = 1; lastKnownFileType = text.xcconfig; name = "Pods-Coastlines.release.xcconfig"; path = "Target Support Files/Pods-Coastlines/Pods-Coastlines.release.xcconfig"; sourceTree = "<group>"; };
		D9E2C3AA5973D81C0024A883 /* Pods_Coastlines.framework */ = {isa = PBXFileReference; explicitFileType = wrapper.framework; includeInIndex = 0; path = Pods_Coastlines.framework; sourceTree = BUILT_PRODUCTS_DIR; };
/* End PBXFileReference section */

/* Begin PBXFrameworksBuildPhase section */
		0B1F21352476DEC300729365 /* Frameworks */ = {
			isa = PBXFrameworksBuildPhase;
			buildActionMask = 2147483647;
			files = (
				1393FDC357C87C1B91849D65 /* Pods_Coastlines.framework in Frameworks */,
			);
			runOnlyForDeploymentPostprocessing = 0;
		};
		C40F2CCD2490123800AA1756 /* Frameworks */ = {
			isa = PBXFrameworksBuildPhase;
			buildActionMask = 2147483647;
			files = (
				5D700857BBD059F2237BFD0C /* Pods_TestFeatureTarget.framework in Frameworks */,
				024128D12497DB5F0070FEAC /* RealityUI in Frameworks */,
			);
			runOnlyForDeploymentPostprocessing = 0;
		};
/* End PBXFrameworksBuildPhase section */

/* Begin PBXGroup section */
		02858577248304B70003E31A /* JSON Data */ = {
			isa = PBXGroup;
			children = (
				02858578248305410003E31A /* locationFactsData.json */,
				B7BC816724993AAF00EB6A57 /* ARAnimation.json */,
				02D2F71224A199EC005E89D6 /* arIconAnimation.json */,
			);
			path = "JSON Data";
			sourceTree = "<group>";
		};
		0289F8F4247DA086008D3910 /* Views */ = {
			isa = PBXGroup;
			children = (
				02B9AC9D248EC3DD0037971E /* Wavy Views */,
				02B9AC9C248EC3AE0037971E /* Onboarding Views */,
				0B09F373247EF4B4001E17F0 /* ARCoastView.swift */,
				0289F8F9247DB933008D3910 /* LocationDetailView.swift */,
				B7A4588D247F10BE001F8E51 /* LocationsView.swift */,
				028423742489C984000C1A9B /* DetailView.swift */,
				0BCDFFB92485376A007A94BF /* LocationReusableView.swift */,
				B7B59BDC2497E4E8004CA137 /* ResourceView.swift */,
				02B9AC9E248EC3FC0037971E /* Cells */,
			);
			path = Views;
			sourceTree = "<group>";
		};
		0289F8F5247DA093008D3910 /* Controllers */ = {
			isa = PBXGroup;
			children = (
				C4CFF34B249AC87C00777962 /* PageController.swift */,
				C4E97908247DE48A0039B398 /* WelcomeController.swift */,
				C463925824847AA200DDB4DE /* OnboardingController.swift */,
				C463926024847EE800DDB4DE /* ThirdOnboardingController.swift */,
				C463926224847EF800DDB4DE /* FourthOnboardingController.swift */,
				C463926424847F0B00DDB4DE /* FifthOnboardingController.swift */,
				0B09F371247EF49F001E17F0 /* ARViewController.swift */,
				0289F8FB247DB981008D3910 /* LocationDetailVC.swift */,
				B7A4588B247F10A1001F8E51 /* LocationsViewController.swift */,
				028423722489C8D1000C1A9B /* LocationDetailController.swift */,
				B7B59BDA2497E4A0004CA137 /* ResourcesController.swift */,
			);
			path = Controllers;
			sourceTree = "<group>";
		};
		0289F8F6247DA0A3008D3910 /* Extensions */ = {
			isa = PBXGroup;
			children = (
				C44314B6248564E4008A59D9 /* UIViewController+resetWindow.swift */,
				C4C4D89624B76AE60023C5EB /* UIViewController+makeAlert.swift */,
				028585822485B9660003E31A /* NSUIColor+Hex.swift */,
				02F53F05248AAB3C00227C62 /* UIButton+Extension.swift */,
				02737071249C317100A10E7B /* simd+ext.swift */,
				02737077249FB8AA00A10E7B /* UIAlertController+Extension.swift */,
				C45DDA8924A14988002E5C40 /* UIView+AddAccessibility.swift */,
			);
			path = Extensions;
			sourceTree = "<group>";
		};
		0289F8F7247DA0BA008D3910 /* Services */ = {
			isa = PBXGroup;
			children = (
				C48EBCC824884626001DB0A3 /* GlobalConstants.swift */,
				02737079249FBC2B00A10E7B /* GraphShowAlert.swift */,
				0273707D24A00D2C00A10E7B /* FactText.swift */,
			);
			path = Services;
			sourceTree = "<group>";
		};
		0289F8F8247DA0D2008D3910 /* Models */ = {
			isa = PBXGroup;
			children = (
				0285857A2483063A0003E31A /* FactsData.swift */,
				B7B59BE22497E8C9004CA137 /* ResourceModel.swift */,
			);
			path = Models;
			sourceTree = "<group>";
		};
		02B9AC9C248EC3AE0037971E /* Onboarding Views */ = {
			isa = PBXGroup;
			children = (
				02B9AC9F248ED2ED0037971E /* FirstOnboardingView.swift */,
				C463925624847A8F00DDB4DE /* SecondOnboardingView.swift */,
				C463925A24847EB900DDB4DE /* ThirdOnboardingView.swift */,
				C463925C24847EC900DDB4DE /* FourthOnboardingView.swift */,
				C463925E24847ED600DDB4DE /* FifthOnboardingView.swift */,
			);
			path = "Onboarding Views";
			sourceTree = "<group>";
		};
		02B9AC9D248EC3DD0037971E /* Wavy Views */ = {
			isa = PBXGroup;
			children = (
				C48EBCC2248808D9001DB0A3 /* TestView.swift */,
				0285857E2485970E0003E31A /* WavyView.swift */,
				0B35424B2488000600AAB02C /* WavyView2.swift */,
			);
			path = "Wavy Views";
			sourceTree = "<group>";
		};
		02B9AC9E248EC3FC0037971E /* Cells */ = {
			isa = PBXGroup;
			children = (
				02737074249D22F300A10E7B /* TOCCell.swift */,
				028423762489E617000C1A9B /* ContentCell.swift */,
				02F53F03248AA7E200227C62 /* GraphCell.swift */,
				02F53F11248AF87600227C62 /* PieChartCell.swift */,
				024035D3248D8B7800C7F7B2 /* ARCell.swift */,
				0BCDFFB7248534B1007A94BF /* LocationCell.swift */,
				0BCDFFBB24856588007A94BF /* LocationIntroCell.swift */,
				B7B59BDF2497E532004CA137 /* ResourceCell.swift */,
			);
			path = Cells;
			sourceTree = "<group>";
		};
		0B1F212F2476DEC300729365 = {
			isa = PBXGroup;
			children = (
				0B1F213A2476DEC300729365 /* Coastlines */,
				C40F2CD12490123800AA1756 /* TestFeatureTarget */,
				0B1F21392476DEC300729365 /* Products */,
				A9AB02489A2239108882CA4F /* Pods */,
				79A00A563E6E055F7CD461D6 /* Frameworks */,
			);
			sourceTree = "<group>";
		};
		0B1F21392476DEC300729365 /* Products */ = {
			isa = PBXGroup;
			children = (
				0B1F21382476DEC300729365 /* Coastlines.app */,
				C40F2CD02490123800AA1756 /* Coasts.app */,
			);
			name = Products;
			sourceTree = "<group>";
		};
		0B1F213A2476DEC300729365 /* Coastlines */ = {
			isa = PBXGroup;
			children = (
				C451F30C24B3C4C300353AD3 /* KenBurnsEffect */,
				02858577248304B70003E31A /* JSON Data */,
				0289F8F8247DA0D2008D3910 /* Models */,
				0289F8F7247DA0BA008D3910 /* Services */,
				0289F8F5247DA093008D3910 /* Controllers */,
				0289F8F4247DA086008D3910 /* Views */,
				0289F8F6247DA0A3008D3910 /* Extensions */,
				C48EBCC424884626001DB0A3 /* Supporting Files */,
				0B1F21492476DECA00729365 /* Info.plist */,
			);
			path = Coastlines;
			sourceTree = "<group>";
		};
		79A00A563E6E055F7CD461D6 /* Frameworks */ = {
			isa = PBXGroup;
			children = (
				D9E2C3AA5973D81C0024A883 /* Pods_Coastlines.framework */,
				93B9E8FE61F7AAE1A1CB365C /* Pods_TestFeatureTarget.framework */,
			);
			name = Frameworks;
			sourceTree = "<group>";
		};
		A9AB02489A2239108882CA4F /* Pods */ = {
			isa = PBXGroup;
			children = (
				90B7802E35291B5353608B3B /* Pods-Coastlines.debug.xcconfig */,
				CEE5A3A6EC95A87BAEBAA85A /* Pods-Coastlines.release.xcconfig */,
				3E4C564036176640CEBB70C2 /* Pods-TestFeatureTarget.debug.xcconfig */,
				0642E2B8B8A6CC829C97600A /* Pods-TestFeatureTarget.release.xcconfig */,
			);
			path = Pods;
			sourceTree = "<group>";
		};
		C40F2CD12490123800AA1756 /* TestFeatureTarget */ = {
			isa = PBXGroup;
			children = (
				0273708224A10BDE00A10E7B /* DropFlipRiseNYC.rcproject */,
				C40F2CD22490123800AA1756 /* AppDelegate.swift */,
				C40F2CD42490123800AA1756 /* SceneDelegate.swift */,
				C40F2CD62490123800AA1756 /* TestARController.swift */,
				C40F2D202490171F00AA1756 /* TestARView.swift */,
				02C4D15624913FCE0095560B /* ExperimentARController.swift */,
				0B1A9ED5249BB0D3008477C6 /* CityLights.swift */,
				0B2AA89D2497BC4300789B34 /* ExperimentARController+ARCoachingOverlay.swift */,
				02AC5AA124996FCE00468145 /* SeaLevelComputations.swift */,
				0200C36224A6E69D00D94229 /* HandleYears.swift */,
				C40F2CD82490123800AA1756 /* Main.storyboard */,
				C40F2CDB2490123A00AA1756 /* Assets.xcassets */,
				C40F2CDD2490123A00AA1756 /* LaunchScreen.storyboard */,
				C40F2CE02490123A00AA1756 /* Info.plist */,
			);
			path = TestFeatureTarget;
			sourceTree = "<group>";
		};
		C451F30C24B3C4C300353AD3 /* KenBurnsEffect */ = {
			isa = PBXGroup;
			children = (
				B724305424A14E2400EF211F /* IcebergPan.mov */,
				B724305724A1665B00EF211F /* IcebergPan2.mov */,
				B7C49F8424A29ABC00D07683 /* coastPan.mov */,
				B7C49F8324A29ABA00D07683 /* IcebergPan3.mov */,
			);
			path = KenBurnsEffect;
			sourceTree = "<group>";
		};
		C48EBCC424884626001DB0A3 /* Supporting Files */ = {
			isa = PBXGroup;
			children = (
				C48EBCC524884626001DB0A3 /* Assets.xcassets */,
				C48EBCC624884626001DB0A3 /* LaunchScreen.storyboard */,
				C48EBCC924884626001DB0A3 /* AppDelegate.swift */,
				C48EBCCA24884626001DB0A3 /* SceneDelegate.swift */,
				C48EBCD0248846C6001DB0A3 /* Cooper-Hewitt */,
			);
			path = "Supporting Files";
			sourceTree = "<group>";
		};
		C48EBCD0248846C6001DB0A3 /* Cooper-Hewitt */ = {
			isa = PBXGroup;
			children = (
				C48EBCD1248846C6001DB0A3 /* CooperHewitt-Thin.otf */,
				C48EBCD2248846C6001DB0A3 /* CooperHewitt-SemiboldItalic.otf */,
				C48EBCD3248846C6001DB0A3 /* SIL Open Font License.txt */,
				C48EBCD4248846C6001DB0A3 /* CooperHewitt-Bold.otf */,
				C48EBCD5248846C6001DB0A3 /* CooperHewitt-BoldItalic.otf */,
				C48EBCD6248846C6001DB0A3 /* CooperHewitt-ThinItalic.otf */,
				C48EBCD7248846C6001DB0A3 /* CooperHewitt-Book.otf */,
				C48EBCD8248846C6001DB0A3 /* CooperHewitt-BookItalic.otf */,
				C48EBCD9248846C6001DB0A3 /* CooperHewitt-Medium.otf */,
				C48EBCDA248846C6001DB0A3 /* CooperHewitt-LightItalic.otf */,
				C48EBCDB248846C6001DB0A3 /* CooperHewitt-HeavyItalic.otf */,
				C48EBCDC248846C6001DB0A3 /* CooperHewitt-Heavy.otf */,
				C48EBCDD248846C6001DB0A3 /* CooperHewitt-Light.otf */,
				C48EBCDE248846C6001DB0A3 /* CooperHewitt-MediumItalic.otf */,
				C48EBCDF248846C6001DB0A3 /* CooperHewitt-Semibold.otf */,
			);
			path = "Cooper-Hewitt";
			sourceTree = "<group>";
		};
/* End PBXGroup section */

/* Begin PBXNativeTarget section */
		0B1F21372476DEC300729365 /* Coastlines */ = {
			isa = PBXNativeTarget;
			buildConfigurationList = 0B1F214C2476DECA00729365 /* Build configuration list for PBXNativeTarget "Coastlines" */;
			buildPhases = (
				B83F0BBB3338FDF2D614B210 /* [CP] Check Pods Manifest.lock */,
				0B1F21342476DEC300729365 /* Sources */,
				0B1F21352476DEC300729365 /* Frameworks */,
				0B1F21362476DEC300729365 /* Resources */,
				EF8B6F7E8B846EEC7B298A84 /* [CP] Embed Pods Frameworks */,
			);
			buildRules = (
			);
			dependencies = (
			);
			name = Coastlines;
			productName = Coastlines;
			productReference = 0B1F21382476DEC300729365 /* Coastlines.app */;
			productType = "com.apple.product-type.application";
		};
		C40F2CCF2490123800AA1756 /* TestFeatureTarget */ = {
			isa = PBXNativeTarget;
			buildConfigurationList = C40F2CE32490123A00AA1756 /* Build configuration list for PBXNativeTarget "TestFeatureTarget" */;
			buildPhases = (
				89EB34D1DF90C605ADAE2039 /* [CP] Check Pods Manifest.lock */,
				C40F2CCC2490123800AA1756 /* Sources */,
				C40F2CCD2490123800AA1756 /* Frameworks */,
				C40F2CCE2490123800AA1756 /* Resources */,
				909D6AAA218393C108070C7D /* [CP] Embed Pods Frameworks */,
			);
			buildRules = (
			);
			dependencies = (
			);
			name = TestFeatureTarget;
			packageProductDependencies = (
				024128D02497DB5F0070FEAC /* RealityUI */,
			);
			productName = TestFeatureTarget;
			productReference = C40F2CD02490123800AA1756 /* Coasts.app */;
			productType = "com.apple.product-type.application";
		};
/* End PBXNativeTarget section */

/* Begin PBXProject section */
		0B1F21302476DEC300729365 /* Project object */ = {
			isa = PBXProject;
			attributes = {
				LastSwiftUpdateCheck = 1150;
				LastUpgradeCheck = 1150;
				ORGANIZATIONNAME = "Ahad Islam";
				TargetAttributes = {
					0B1F21372476DEC300729365 = {
						CreatedOnToolsVersion = 11.5;
					};
					C40F2CCF2490123800AA1756 = {
						CreatedOnToolsVersion = 11.5;
					};
				};
			};
			buildConfigurationList = 0B1F21332476DEC300729365 /* Build configuration list for PBXProject "Coastlines" */;
			compatibilityVersion = "Xcode 9.3";
			developmentRegion = en;
			hasScannedForEncodings = 0;
			knownRegions = (
				en,
				Base,
			);
			mainGroup = 0B1F212F2476DEC300729365;
			packageReferences = (
				024128CF2497DB5F0070FEAC /* XCRemoteSwiftPackageReference "RealityUI" */,
			);
			productRefGroup = 0B1F21392476DEC300729365 /* Products */;
			projectDirPath = "";
			projectRoot = "";
			targets = (
				0B1F21372476DEC300729365 /* Coastlines */,
				C40F2CCF2490123800AA1756 /* TestFeatureTarget */,
			);
		};
/* End PBXProject section */

/* Begin PBXResourcesBuildPhase section */
		0B1F21362476DEC300729365 /* Resources */ = {
			isa = PBXResourcesBuildPhase;
			buildActionMask = 2147483647;
			files = (
				C48EBCE5248846C6001DB0A3 /* CooperHewitt-ThinItalic.otf in Resources */,
				C48EBCE9248846C6001DB0A3 /* CooperHewitt-LightItalic.otf in Resources */,
				B7BC816824993AAF00EB6A57 /* ARAnimation.json in Resources */,
				C48EBCE7248846C6001DB0A3 /* CooperHewitt-BookItalic.otf in Resources */,
				B7C49F8524A29ABC00D07683 /* IcebergPan3.mov in Resources */,
				02858579248305410003E31A /* locationFactsData.json in Resources */,
				B7C49F8724A29ABC00D07683 /* coastPan.mov in Resources */,
				C48EBCE0248846C6001DB0A3 /* CooperHewitt-Thin.otf in Resources */,
				C48EBCE3248846C6001DB0A3 /* CooperHewitt-Bold.otf in Resources */,
				C48EBCE8248846C6001DB0A3 /* CooperHewitt-Medium.otf in Resources */,
				C48EBCEB248846C6001DB0A3 /* CooperHewitt-Heavy.otf in Resources */,
				C48EBCE4248846C6001DB0A3 /* CooperHewitt-BoldItalic.otf in Resources */,
				C48EBCCB24884626001DB0A3 /* Assets.xcassets in Resources */,
				C48EBCE2248846C6001DB0A3 /* SIL Open Font License.txt in Resources */,
				C48EBCED248846C6001DB0A3 /* CooperHewitt-MediumItalic.otf in Resources */,
				C48EBCEA248846C6001DB0A3 /* CooperHewitt-HeavyItalic.otf in Resources */,
				B724305524A14E2400EF211F /* IcebergPan.mov in Resources */,
				C48EBCE6248846C6001DB0A3 /* CooperHewitt-Book.otf in Resources */,
				C48EBCE1248846C6001DB0A3 /* CooperHewitt-SemiboldItalic.otf in Resources */,
				02D2F71324A199EC005E89D6 /* arIconAnimation.json in Resources */,
				B724305824A1665B00EF211F /* IcebergPan2.mov in Resources */,
				C48EBCCC24884626001DB0A3 /* LaunchScreen.storyboard in Resources */,
				C48EBCEC248846C6001DB0A3 /* CooperHewitt-Light.otf in Resources */,
				C48EBCEE248846C6001DB0A3 /* CooperHewitt-Semibold.otf in Resources */,
			);
			runOnlyForDeploymentPostprocessing = 0;
		};
		C40F2CCE2490123800AA1756 /* Resources */ = {
			isa = PBXResourcesBuildPhase;
			buildActionMask = 2147483647;
			files = (
				C40F2D06249012E400AA1756 /* CooperHewitt-Thin.otf in Resources */,
				C40F2D09249012E400AA1756 /* CooperHewitt-Bold.otf in Resources */,
				B7C49F8624A29ABC00D07683 /* IcebergPan3.mov in Resources */,
				C40F2D10249012E400AA1756 /* CooperHewitt-HeavyItalic.otf in Resources */,
				B724305624A14E2400EF211F /* IcebergPan.mov in Resources */,
				C40F2D0C249012E400AA1756 /* CooperHewitt-Book.otf in Resources */,
				C40F2CDF2490123A00AA1756 /* LaunchScreen.storyboard in Resources */,
				C40F2CDC2490123A00AA1756 /* Assets.xcassets in Resources */,
				C40F2D0D249012E400AA1756 /* CooperHewitt-BookItalic.otf in Resources */,
				C40F2D08249012E400AA1756 /* SIL Open Font License.txt in Resources */,
				C40F2CEF2490126E00AA1756 /* locationFactsData.json in Resources */,
				C40F2D13249012E400AA1756 /* CooperHewitt-MediumItalic.otf in Resources */,
				C40F2D14249012E400AA1756 /* CooperHewitt-Semibold.otf in Resources */,
				B7C49F8824A29ABC00D07683 /* coastPan.mov in Resources */,
				B7BC816924993AAF00EB6A57 /* ARAnimation.json in Resources */,
				02D2F71424A199EC005E89D6 /* arIconAnimation.json in Resources */,
				C40F2D12249012E400AA1756 /* CooperHewitt-Light.otf in Resources */,
				C40F2D07249012E400AA1756 /* CooperHewitt-SemiboldItalic.otf in Resources */,
				B724305924A1665B00EF211F /* IcebergPan2.mov in Resources */,
				C40F2CDA2490123800AA1756 /* Main.storyboard in Resources */,
				C40F2D0F249012E400AA1756 /* CooperHewitt-LightItalic.otf in Resources */,
				C40F2D0E249012E400AA1756 /* CooperHewitt-Medium.otf in Resources */,
				C40F2D0B249012E400AA1756 /* CooperHewitt-ThinItalic.otf in Resources */,
				C40F2D11249012E400AA1756 /* CooperHewitt-Heavy.otf in Resources */,
				C40F2D0A249012E400AA1756 /* CooperHewitt-BoldItalic.otf in Resources */,
			);
			runOnlyForDeploymentPostprocessing = 0;
		};
/* End PBXResourcesBuildPhase section */

/* Begin PBXShellScriptBuildPhase section */
		89EB34D1DF90C605ADAE2039 /* [CP] Check Pods Manifest.lock */ = {
			isa = PBXShellScriptBuildPhase;
			buildActionMask = 2147483647;
			files = (
			);
			inputFileListPaths = (
			);
			inputPaths = (
				"${PODS_PODFILE_DIR_PATH}/Podfile.lock",
				"${PODS_ROOT}/Manifest.lock",
			);
			name = "[CP] Check Pods Manifest.lock";
			outputFileListPaths = (
			);
			outputPaths = (
				"$(DERIVED_FILE_DIR)/Pods-TestFeatureTarget-checkManifestLockResult.txt",
			);
			runOnlyForDeploymentPostprocessing = 0;
			shellPath = /bin/sh;
			shellScript = "diff \"${PODS_PODFILE_DIR_PATH}/Podfile.lock\" \"${PODS_ROOT}/Manifest.lock\" > /dev/null\nif [ $? != 0 ] ; then\n    # print error to STDERR\n    echo \"error: The sandbox is not in sync with the Podfile.lock. Run 'pod install' or update your CocoaPods installation.\" >&2\n    exit 1\nfi\n# This output is used by Xcode 'outputs' to avoid re-running this script phase.\necho \"SUCCESS\" > \"${SCRIPT_OUTPUT_FILE_0}\"\n";
			showEnvVarsInLog = 0;
		};
		909D6AAA218393C108070C7D /* [CP] Embed Pods Frameworks */ = {
			isa = PBXShellScriptBuildPhase;
			buildActionMask = 2147483647;
			files = (
			);
			inputFileListPaths = (
				"${PODS_ROOT}/Target Support Files/Pods-TestFeatureTarget/Pods-TestFeatureTarget-frameworks-${CONFIGURATION}-input-files.xcfilelist",
			);
			name = "[CP] Embed Pods Frameworks";
			outputFileListPaths = (
				"${PODS_ROOT}/Target Support Files/Pods-TestFeatureTarget/Pods-TestFeatureTarget-frameworks-${CONFIGURATION}-output-files.xcfilelist",
			);
			runOnlyForDeploymentPostprocessing = 0;
			shellPath = /bin/sh;
			shellScript = "\"${PODS_ROOT}/Target Support Files/Pods-TestFeatureTarget/Pods-TestFeatureTarget-frameworks.sh\"\n";
			showEnvVarsInLog = 0;
		};
		B83F0BBB3338FDF2D614B210 /* [CP] Check Pods Manifest.lock */ = {
			isa = PBXShellScriptBuildPhase;
			buildActionMask = 2147483647;
			files = (
			);
			inputFileListPaths = (
			);
			inputPaths = (
				"${PODS_PODFILE_DIR_PATH}/Podfile.lock",
				"${PODS_ROOT}/Manifest.lock",
			);
			name = "[CP] Check Pods Manifest.lock";
			outputFileListPaths = (
			);
			outputPaths = (
				"$(DERIVED_FILE_DIR)/Pods-Coastlines-checkManifestLockResult.txt",
			);
			runOnlyForDeploymentPostprocessing = 0;
			shellPath = /bin/sh;
			shellScript = "diff \"${PODS_PODFILE_DIR_PATH}/Podfile.lock\" \"${PODS_ROOT}/Manifest.lock\" > /dev/null\nif [ $? != 0 ] ; then\n    # print error to STDERR\n    echo \"error: The sandbox is not in sync with the Podfile.lock. Run 'pod install' or update your CocoaPods installation.\" >&2\n    exit 1\nfi\n# This output is used by Xcode 'outputs' to avoid re-running this script phase.\necho \"SUCCESS\" > \"${SCRIPT_OUTPUT_FILE_0}\"\n";
			showEnvVarsInLog = 0;
		};
		EF8B6F7E8B846EEC7B298A84 /* [CP] Embed Pods Frameworks */ = {
			isa = PBXShellScriptBuildPhase;
			buildActionMask = 2147483647;
			files = (
			);
			inputFileListPaths = (
				"${PODS_ROOT}/Target Support Files/Pods-Coastlines/Pods-Coastlines-frameworks-${CONFIGURATION}-input-files.xcfilelist",
			);
			name = "[CP] Embed Pods Frameworks";
			outputFileListPaths = (
				"${PODS_ROOT}/Target Support Files/Pods-Coastlines/Pods-Coastlines-frameworks-${CONFIGURATION}-output-files.xcfilelist",
			);
			runOnlyForDeploymentPostprocessing = 0;
			shellPath = /bin/sh;
			shellScript = "\"${PODS_ROOT}/Target Support Files/Pods-Coastlines/Pods-Coastlines-frameworks.sh\"\n";
			showEnvVarsInLog = 0;
		};
/* End PBXShellScriptBuildPhase section */

/* Begin PBXSourcesBuildPhase section */
		0B1F21342476DEC300729365 /* Sources */ = {
			isa = PBXSourcesBuildPhase;
			buildActionMask = 2147483647;
			files = (
				02F53F12248AF87600227C62 /* PieChartCell.swift in Sources */,
				C4E97909247DE48A0039B398 /* WelcomeController.swift in Sources */,
				C463925D24847EC900DDB4DE /* FourthOnboardingView.swift in Sources */,
				C48EBCCF24884626001DB0A3 /* SceneDelegate.swift in Sources */,
				02737075249D22F300A10E7B /* TOCCell.swift in Sources */,
				02F53F06248AAB3C00227C62 /* UIButton+Extension.swift in Sources */,
				C48EBCC3248808D9001DB0A3 /* TestView.swift in Sources */,
				C463925F24847ED600DDB4DE /* FifthOnboardingView.swift in Sources */,
				02737072249C317100A10E7B /* simd+ext.swift in Sources */,
				C45DDA8A24A14988002E5C40 /* UIView+AddAccessibility.swift in Sources */,
				0B35424C2488000600AAB02C /* WavyView2.swift in Sources */,
				B7B59BDD2497E4E8004CA137 /* ResourceView.swift in Sources */,
				028423772489E617000C1A9B /* ContentCell.swift in Sources */,
				028423732489C8D1000C1A9B /* LocationDetailController.swift in Sources */,
				C44314B7248564E4008A59D9 /* UIViewController+resetWindow.swift in Sources */,
				0285857B2483063A0003E31A /* FactsData.swift in Sources */,
				B7B59BE02497E532004CA137 /* ResourceCell.swift in Sources */,
				0BCDFFBC24856588007A94BF /* LocationIntroCell.swift in Sources */,
				B7B59BE32497E8C9004CA137 /* ResourceModel.swift in Sources */,
				024035D4248D8B7800C7F7B2 /* ARCell.swift in Sources */,
				0285857F2485970E0003E31A /* WavyView.swift in Sources */,
				B7A4588C247F10A1001F8E51 /* LocationsViewController.swift in Sources */,
				028585832485B9660003E31A /* NSUIColor+Hex.swift in Sources */,
				0B09F374247EF4B4001E17F0 /* ARCoastView.swift in Sources */,
				0BCDFFBA2485376A007A94BF /* LocationReusableView.swift in Sources */,
				028423752489C984000C1A9B /* DetailView.swift in Sources */,
				02F53F04248AA7E200227C62 /* GraphCell.swift in Sources */,
				02737078249FB8AA00A10E7B /* UIAlertController+Extension.swift in Sources */,
				C4CFF34C249AC87C00777962 /* PageController.swift in Sources */,
				0273707E24A00D2C00A10E7B /* FactText.swift in Sources */,
				0B09F372247EF49F001E17F0 /* ARViewController.swift in Sources */,
				B7A4588E247F10BE001F8E51 /* LocationsView.swift in Sources */,
				C463925724847A8F00DDB4DE /* SecondOnboardingView.swift in Sources */,
				C463926124847EE800DDB4DE /* ThirdOnboardingController.swift in Sources */,
				C48EBCCE24884626001DB0A3 /* AppDelegate.swift in Sources */,
				0BCDFFB8248534B1007A94BF /* LocationCell.swift in Sources */,
				02B9ACA0248ED2ED0037971E /* FirstOnboardingView.swift in Sources */,
				C4C4D89724B76AE60023C5EB /* UIViewController+makeAlert.swift in Sources */,
				C463926324847EF800DDB4DE /* FourthOnboardingController.swift in Sources */,
				C463925924847AA200DDB4DE /* OnboardingController.swift in Sources */,
				B7B59BDB2497E4A0004CA137 /* ResourcesController.swift in Sources */,
				0273707A249FBC2B00A10E7B /* GraphShowAlert.swift in Sources */,
				C48EBCCD24884626001DB0A3 /* GlobalConstants.swift in Sources */,
				C463926524847F0B00DDB4DE /* FifthOnboardingController.swift in Sources */,
				0289F8FC247DB981008D3910 /* LocationDetailVC.swift in Sources */,
				0289F8FA247DB933008D3910 /* LocationDetailView.swift in Sources */,
				C463925B24847EB900DDB4DE /* ThirdOnboardingView.swift in Sources */,
			);
			runOnlyForDeploymentPostprocessing = 0;
		};
		C40F2CCC2490123800AA1756 /* Sources */ = {
			isa = PBXSourcesBuildPhase;
			buildActionMask = 2147483647;
			files = (
				C40F2CD72490123800AA1756 /* TestARController.swift in Sources */,
				C40F2CEC2490126500AA1756 /* LocationDetailController.swift in Sources */,
				02737073249C324B00A10E7B /* simd+ext.swift in Sources */,
				C40F2CF22490127D00AA1756 /* WavyView2.swift in Sources */,
				C40F2D1E2490157200AA1756 /* FifthOnboardingView.swift in Sources */,
				0B1A9ED6249BB0D3008477C6 /* CityLights.swift in Sources */,
				C40F2CE52490125200AA1756 /* OnboardingController.swift in Sources */,
				C40F2CE82490125A00AA1756 /* FifthOnboardingController.swift in Sources */,
				C40F2CFA2490129300AA1756 /* PieChartCell.swift in Sources */,
				C40F2CED2490126800AA1756 /* GlobalConstants.swift in Sources */,
				02737076249D23E800A10E7B /* TOCCell.swift in Sources */,
				0273708324A10BDE00A10E7B /* DropFlipRiseNYC.rcproject in Sources */,
				C40F2CFF249012A100AA1756 /* NSUIColor+Hex.swift in Sources */,
				C40F2CF02490127500AA1756 /* TestView.swift in Sources */,
				C40F2D1B2490157200AA1756 /* SecondOnboardingView.swift in Sources */,
				B776AD412497F5AF00034A4E /* ResourcesController.swift in Sources */,
				0273707B249FEC2C00A10E7B /* GraphShowAlert.swift in Sources */,
				C40F2CFE2490129E00AA1756 /* UIViewController+resetWindow.swift in Sources */,
				C4CFF34D249AC87C00777962 /* PageController.swift in Sources */,
				C40F2CF72490128A00AA1756 /* LocationReusableView.swift in Sources */,
				02C4D15724913FCE0095560B /* ExperimentARController.swift in Sources */,
				C40F2CEB2490126300AA1756 /* LocationsViewController.swift in Sources */,
				C40F2D1A2490157200AA1756 /* FirstOnboardingView.swift in Sources */,
				C40F2CEE2490126B00AA1756 /* FactsData.swift in Sources */,
				0B2AA89E2497BC4300789B34 /* ExperimentARController+ARCoachingOverlay.swift in Sources */,
				C40F2CF62490128800AA1756 /* DetailView.swift in Sources */,
				0273707C249FEC9700A10E7B /* UIAlertController+Extension.swift in Sources */,
				B7B59BE12497E532004CA137 /* ResourceCell.swift in Sources */,
				C40F2CF92490129100AA1756 /* GraphCell.swift in Sources */,
				C40F2CE42490124F00AA1756 /* WelcomeController.swift in Sources */,
				02AC5AA224996FCE00468145 /* SeaLevelComputations.swift in Sources */,
				B7B59BE42497E8C9004CA137 /* ResourceModel.swift in Sources */,
				C40F2CF52490128500AA1756 /* LocationsView.swift in Sources */,
				C40F2CD32490123800AA1756 /* AppDelegate.swift in Sources */,
				C40F2CF12490127700AA1756 /* WavyView.swift in Sources */,
				C40F2D01249012A700AA1756 /* UIButton+Extension.swift in Sources */,
				C4C4D89824B76D140023C5EB /* UIViewController+makeAlert.swift in Sources */,
				0273708124A047BF00A10E7B /* FactText.swift in Sources */,
				C40F2CFB2490129500AA1756 /* ARCell.swift in Sources */,
				C40F2CEA2490126000AA1756 /* LocationDetailVC.swift in Sources */,
				C40F2CE62490125400AA1756 /* ThirdOnboardingController.swift in Sources */,
				C40F2CD52490123800AA1756 /* SceneDelegate.swift in Sources */,
				C40F2CF42490128300AA1756 /* LocationDetailView.swift in Sources */,
				C40F2CF82490128E00AA1756 /* ContentCell.swift in Sources */,
				C40F2CFC2490129800AA1756 /* LocationCell.swift in Sources */,
				C45DDA8B24A14988002E5C40 /* UIView+AddAccessibility.swift in Sources */,
				C40F2D212490171F00AA1756 /* TestARView.swift in Sources */,
				0200C36324A6E69D00D94229 /* HandleYears.swift in Sources */,
				C40F2D1F2490168500AA1756 /* ARViewController.swift in Sources */,
				C40F2D1D2490157200AA1756 /* FourthOnboardingView.swift in Sources */,
				C40F2CF32490128000AA1756 /* ARCoastView.swift in Sources */,
				B7B59BDE2497E4E8004CA137 /* ResourceView.swift in Sources */,
				C40F2CE72490125800AA1756 /* FourthOnboardingController.swift in Sources */,
				C40F2CFD2490129A00AA1756 /* LocationIntroCell.swift in Sources */,
				C40F2D1C2490157200AA1756 /* ThirdOnboardingView.swift in Sources */,
			);
			runOnlyForDeploymentPostprocessing = 0;
		};
/* End PBXSourcesBuildPhase section */

/* Begin PBXVariantGroup section */
		C40F2CD82490123800AA1756 /* Main.storyboard */ = {
			isa = PBXVariantGroup;
			children = (
				C40F2CD92490123800AA1756 /* Base */,
			);
			name = Main.storyboard;
			sourceTree = "<group>";
		};
		C40F2CDD2490123A00AA1756 /* LaunchScreen.storyboard */ = {
			isa = PBXVariantGroup;
			children = (
				C40F2CDE2490123A00AA1756 /* Base */,
			);
			name = LaunchScreen.storyboard;
			sourceTree = "<group>";
		};
		C48EBCC624884626001DB0A3 /* LaunchScreen.storyboard */ = {
			isa = PBXVariantGroup;
			children = (
				C48EBCC724884626001DB0A3 /* Base */,
			);
			name = LaunchScreen.storyboard;
			sourceTree = "<group>";
		};
/* End PBXVariantGroup section */

/* Begin XCBuildConfiguration section */
		0B1F214A2476DECA00729365 /* Debug */ = {
			isa = XCBuildConfiguration;
			buildSettings = {
				ALWAYS_SEARCH_USER_PATHS = NO;
				CLANG_ANALYZER_NONNULL = YES;
				CLANG_ANALYZER_NUMBER_OBJECT_CONVERSION = YES_AGGRESSIVE;
				CLANG_CXX_LANGUAGE_STANDARD = "gnu++14";
				CLANG_CXX_LIBRARY = "libc++";
				CLANG_ENABLE_MODULES = YES;
				CLANG_ENABLE_OBJC_ARC = YES;
				CLANG_ENABLE_OBJC_WEAK = YES;
				CLANG_WARN_BLOCK_CAPTURE_AUTORELEASING = YES;
				CLANG_WARN_BOOL_CONVERSION = YES;
				CLANG_WARN_COMMA = YES;
				CLANG_WARN_CONSTANT_CONVERSION = YES;
				CLANG_WARN_DEPRECATED_OBJC_IMPLEMENTATIONS = YES;
				CLANG_WARN_DIRECT_OBJC_ISA_USAGE = YES_ERROR;
				CLANG_WARN_DOCUMENTATION_COMMENTS = YES;
				CLANG_WARN_EMPTY_BODY = YES;
				CLANG_WARN_ENUM_CONVERSION = YES;
				CLANG_WARN_INFINITE_RECURSION = YES;
				CLANG_WARN_INT_CONVERSION = YES;
				CLANG_WARN_NON_LITERAL_NULL_CONVERSION = YES;
				CLANG_WARN_OBJC_IMPLICIT_RETAIN_SELF = YES;
				CLANG_WARN_OBJC_LITERAL_CONVERSION = YES;
				CLANG_WARN_OBJC_ROOT_CLASS = YES_ERROR;
				CLANG_WARN_RANGE_LOOP_ANALYSIS = YES;
				CLANG_WARN_STRICT_PROTOTYPES = YES;
				CLANG_WARN_SUSPICIOUS_MOVE = YES;
				CLANG_WARN_UNGUARDED_AVAILABILITY = YES_AGGRESSIVE;
				CLANG_WARN_UNREACHABLE_CODE = YES;
				CLANG_WARN__DUPLICATE_METHOD_MATCH = YES;
				COPY_PHASE_STRIP = NO;
				DEBUG_INFORMATION_FORMAT = dwarf;
				ENABLE_STRICT_OBJC_MSGSEND = YES;
				ENABLE_TESTABILITY = YES;
				GCC_C_LANGUAGE_STANDARD = gnu11;
				GCC_DYNAMIC_NO_PIC = NO;
				GCC_NO_COMMON_BLOCKS = YES;
				GCC_OPTIMIZATION_LEVEL = 0;
				GCC_PREPROCESSOR_DEFINITIONS = (
					"DEBUG=1",
					"$(inherited)",
				);
				GCC_WARN_64_TO_32_BIT_CONVERSION = YES;
				GCC_WARN_ABOUT_RETURN_TYPE = YES_ERROR;
				GCC_WARN_UNDECLARED_SELECTOR = YES;
				GCC_WARN_UNINITIALIZED_AUTOS = YES_AGGRESSIVE;
				GCC_WARN_UNUSED_FUNCTION = YES;
				GCC_WARN_UNUSED_VARIABLE = YES;
				IPHONEOS_DEPLOYMENT_TARGET = 13.5;
				MTL_ENABLE_DEBUG_INFO = INCLUDE_SOURCE;
				MTL_FAST_MATH = YES;
				ONLY_ACTIVE_ARCH = YES;
				SDKROOT = iphoneos;
				SWIFT_ACTIVE_COMPILATION_CONDITIONS = DEBUG;
				SWIFT_OPTIMIZATION_LEVEL = "-Onone";
			};
			name = Debug;
		};
		0B1F214B2476DECA00729365 /* Release */ = {
			isa = XCBuildConfiguration;
			buildSettings = {
				ALWAYS_SEARCH_USER_PATHS = NO;
				CLANG_ANALYZER_NONNULL = YES;
				CLANG_ANALYZER_NUMBER_OBJECT_CONVERSION = YES_AGGRESSIVE;
				CLANG_CXX_LANGUAGE_STANDARD = "gnu++14";
				CLANG_CXX_LIBRARY = "libc++";
				CLANG_ENABLE_MODULES = YES;
				CLANG_ENABLE_OBJC_ARC = YES;
				CLANG_ENABLE_OBJC_WEAK = YES;
				CLANG_WARN_BLOCK_CAPTURE_AUTORELEASING = YES;
				CLANG_WARN_BOOL_CONVERSION = YES;
				CLANG_WARN_COMMA = YES;
				CLANG_WARN_CONSTANT_CONVERSION = YES;
				CLANG_WARN_DEPRECATED_OBJC_IMPLEMENTATIONS = YES;
				CLANG_WARN_DIRECT_OBJC_ISA_USAGE = YES_ERROR;
				CLANG_WARN_DOCUMENTATION_COMMENTS = YES;
				CLANG_WARN_EMPTY_BODY = YES;
				CLANG_WARN_ENUM_CONVERSION = YES;
				CLANG_WARN_INFINITE_RECURSION = YES;
				CLANG_WARN_INT_CONVERSION = YES;
				CLANG_WARN_NON_LITERAL_NULL_CONVERSION = YES;
				CLANG_WARN_OBJC_IMPLICIT_RETAIN_SELF = YES;
				CLANG_WARN_OBJC_LITERAL_CONVERSION = YES;
				CLANG_WARN_OBJC_ROOT_CLASS = YES_ERROR;
				CLANG_WARN_RANGE_LOOP_ANALYSIS = YES;
				CLANG_WARN_STRICT_PROTOTYPES = YES;
				CLANG_WARN_SUSPICIOUS_MOVE = YES;
				CLANG_WARN_UNGUARDED_AVAILABILITY = YES_AGGRESSIVE;
				CLANG_WARN_UNREACHABLE_CODE = YES;
				CLANG_WARN__DUPLICATE_METHOD_MATCH = YES;
				COPY_PHASE_STRIP = NO;
				DEBUG_INFORMATION_FORMAT = "dwarf-with-dsym";
				ENABLE_NS_ASSERTIONS = NO;
				ENABLE_STRICT_OBJC_MSGSEND = YES;
				GCC_C_LANGUAGE_STANDARD = gnu11;
				GCC_NO_COMMON_BLOCKS = YES;
				GCC_WARN_64_TO_32_BIT_CONVERSION = YES;
				GCC_WARN_ABOUT_RETURN_TYPE = YES_ERROR;
				GCC_WARN_UNDECLARED_SELECTOR = YES;
				GCC_WARN_UNINITIALIZED_AUTOS = YES_AGGRESSIVE;
				GCC_WARN_UNUSED_FUNCTION = YES;
				GCC_WARN_UNUSED_VARIABLE = YES;
				IPHONEOS_DEPLOYMENT_TARGET = 13.5;
				MTL_ENABLE_DEBUG_INFO = NO;
				MTL_FAST_MATH = YES;
				SDKROOT = iphoneos;
				SWIFT_COMPILATION_MODE = wholemodule;
				SWIFT_OPTIMIZATION_LEVEL = "-O";
				VALIDATE_PRODUCT = YES;
			};
			name = Release;
		};
		0B1F214D2476DECA00729365 /* Debug */ = {
			isa = XCBuildConfiguration;
			baseConfigurationReference = 90B7802E35291B5353608B3B /* Pods-Coastlines.debug.xcconfig */;
			buildSettings = {
				ASSETCATALOG_COMPILER_APPICON_NAME = AppIcon;
				CODE_SIGN_STYLE = Automatic;
				DEVELOPMENT_TEAM = 87F72Z6LFG;
				INFOPLIST_FILE = Coastlines/Info.plist;
				LD_RUNPATH_SEARCH_PATHS = (
					"$(inherited)",
					"@executable_path/Frameworks",
				);
				PRODUCT_BUNDLE_IDENTIFIER = com.ahadislam123.Coastlines;
				PRODUCT_NAME = "$(TARGET_NAME)";
				SWIFT_VERSION = 5.0;
				TARGETED_DEVICE_FAMILY = "1,2";
			};
			name = Debug;
		};
		0B1F214E2476DECA00729365 /* Release */ = {
			isa = XCBuildConfiguration;
			baseConfigurationReference = CEE5A3A6EC95A87BAEBAA85A /* Pods-Coastlines.release.xcconfig */;
			buildSettings = {
				ASSETCATALOG_COMPILER_APPICON_NAME = AppIcon;
				CODE_SIGN_STYLE = Automatic;
				DEVELOPMENT_TEAM = 87F72Z6LFG;
				INFOPLIST_FILE = Coastlines/Info.plist;
				LD_RUNPATH_SEARCH_PATHS = (
					"$(inherited)",
					"@executable_path/Frameworks",
				);
				PRODUCT_BUNDLE_IDENTIFIER = com.ahadislam123.Coastlines;
				PRODUCT_NAME = "$(TARGET_NAME)";
				SWIFT_VERSION = 5.0;
				TARGETED_DEVICE_FAMILY = "1,2";
			};
			name = Release;
		};
		C40F2CE12490123A00AA1756 /* Debug */ = {
			isa = XCBuildConfiguration;
			baseConfigurationReference = 3E4C564036176640CEBB70C2 /* Pods-TestFeatureTarget.debug.xcconfig */;
			buildSettings = {
				ASSETCATALOG_COMPILER_APPICON_NAME = AppIcon;
				CODE_SIGN_STYLE = Automatic;
				DEVELOPMENT_TEAM = 87F72Z6LFG;
				INFOPLIST_FILE = TestFeatureTarget/Info.plist;
				IPHONEOS_DEPLOYMENT_TARGET = 13.5;
				LD_RUNPATH_SEARCH_PATHS = (
					"$(inherited)",
					"@executable_path/Frameworks",
				);
				PRODUCT_BUNDLE_IDENTIFIER = com.cameronrivera13.TestFeatureTarget;
				PRODUCT_NAME = Coasts;
				SWIFT_VERSION = 5.0;
				TARGETED_DEVICE_FAMILY = 1;
			};
			name = Debug;
		};
		C40F2CE22490123A00AA1756 /* Release */ = {
			isa = XCBuildConfiguration;
			baseConfigurationReference = 0642E2B8B8A6CC829C97600A /* Pods-TestFeatureTarget.release.xcconfig */;
			buildSettings = {
				ASSETCATALOG_COMPILER_APPICON_NAME = AppIcon;
				CODE_SIGN_STYLE = Automatic;
				DEVELOPMENT_TEAM = 87F72Z6LFG;
				INFOPLIST_FILE = TestFeatureTarget/Info.plist;
				IPHONEOS_DEPLOYMENT_TARGET = 13.5;
				LD_RUNPATH_SEARCH_PATHS = (
					"$(inherited)",
					"@executable_path/Frameworks",
				);
				PRODUCT_BUNDLE_IDENTIFIER = com.cameronrivera13.TestFeatureTarget;
				PRODUCT_NAME = Coasts;
				SWIFT_VERSION = 5.0;
				TARGETED_DEVICE_FAMILY = 1;
			};
			name = Release;
		};
/* End XCBuildConfiguration section */

/* Begin XCConfigurationList section */
		0B1F21332476DEC300729365 /* Build configuration list for PBXProject "Coastlines" */ = {
			isa = XCConfigurationList;
			buildConfigurations = (
				0B1F214A2476DECA00729365 /* Debug */,
				0B1F214B2476DECA00729365 /* Release */,
			);
			defaultConfigurationIsVisible = 0;
			defaultConfigurationName = Release;
		};
		0B1F214C2476DECA00729365 /* Build configuration list for PBXNativeTarget "Coastlines" */ = {
			isa = XCConfigurationList;
			buildConfigurations = (
				0B1F214D2476DECA00729365 /* Debug */,
				0B1F214E2476DECA00729365 /* Release */,
			);
			defaultConfigurationIsVisible = 0;
			defaultConfigurationName = Release;
		};
		C40F2CE32490123A00AA1756 /* Build configuration list for PBXNativeTarget "TestFeatureTarget" */ = {
			isa = XCConfigurationList;
			buildConfigurations = (
				C40F2CE12490123A00AA1756 /* Debug */,
				C40F2CE22490123A00AA1756 /* Release */,
			);
			defaultConfigurationIsVisible = 0;
			defaultConfigurationName = Release;
		};
/* End XCConfigurationList section */

/* Begin XCRemoteSwiftPackageReference section */
		024128CF2497DB5F0070FEAC /* XCRemoteSwiftPackageReference "RealityUI" */ = {
			isa = XCRemoteSwiftPackageReference;
			repositoryURL = "https://github.com/maxxfrazer/RealityUI.git";
			requirement = {
				kind = upToNextMajorVersion;
				minimumVersion = 1.0.2;
			};
		};
/* End XCRemoteSwiftPackageReference section */

/* Begin XCSwiftPackageProductDependency section */
		024128D02497DB5F0070FEAC /* RealityUI */ = {
			isa = XCSwiftPackageProductDependency;
			package = 024128CF2497DB5F0070FEAC /* XCRemoteSwiftPackageReference "RealityUI" */;
			productName = RealityUI;
		};
/* End XCSwiftPackageProductDependency section */
	};
	rootObject = 0B1F21302476DEC300729365 /* Project object */;
}
